// !$*UTF8*$!
{
	archiveVersion = 1;
	classes = {
	};
	objectVersion = 50;
	objects = {

/* Begin PBXBuildFile section */
		1AB0EA2120736C17002070E3 /* AppDelegate.m in Sources */ = {isa = PBXBuildFile; fileRef = 1AB0EA2020736C17002070E3 /* AppDelegate.m */; };
		1AB0EA2420736C17002070E3 /* PlayMusicViewController.m in Sources */ = {isa = PBXBuildFile; fileRef = 1AB0EA2320736C17002070E3 /* PlayMusicViewController.m */; };
		1AB0EA2F20736C29002070E3 /* main.m in Sources */ = {isa = PBXBuildFile; fileRef = 1AB0EA2E20736C29002070E3 /* main.m */; };
		340520D4213927A000453F36 /* Main.storyboard in Resources */ = {isa = PBXBuildFile; fileRef = 340520D3213927A000453F36 /* Main.storyboard */; };
		3405212B213940FA00453F36 /* SDWebImageManager.m in Sources */ = {isa = PBXBuildFile; fileRef = 3405210B213940FA00453F36 /* SDWebImageManager.m */; };
		3405212C213940FA00453F36 /* SDWebImageDecoder.m in Sources */ = {isa = PBXBuildFile; fileRef = 3405210C213940FA00453F36 /* SDWebImageDecoder.m */; };
		3405212D213940FA00453F36 /* UIImageView+HighlightedWebCache.m in Sources */ = {isa = PBXBuildFile; fileRef = 3405210E213940FA00453F36 /* UIImageView+HighlightedWebCache.m */; };
		3405212E213940FA00453F36 /* SDWebImageDownloader.m in Sources */ = {isa = PBXBuildFile; fileRef = 34052111213940FA00453F36 /* SDWebImageDownloader.m */; };
		3405212F213940FA00453F36 /* UIImage+GIF.m in Sources */ = {isa = PBXBuildFile; fileRef = 34052112213940FA00453F36 /* UIImage+GIF.m */; };
		34052130213940FA00453F36 /* UIImage+MultiFormat.m in Sources */ = {isa = PBXBuildFile; fileRef = 34052114213940FA00453F36 /* UIImage+MultiFormat.m */; };
		34052131213940FA00453F36 /* SDWebImageCompat.m in Sources */ = {isa = PBXBuildFile; fileRef = 34052115213940FA00453F36 /* SDWebImageCompat.m */; };
		34052132213940FA00453F36 /* SDWebImagePrefetcher.m in Sources */ = {isa = PBXBuildFile; fileRef = 34052116213940FA00453F36 /* SDWebImagePrefetcher.m */; };
		34052133213940FA00453F36 /* SDImageCache.m in Sources */ = {isa = PBXBuildFile; fileRef = 34052119213940FA00453F36 /* SDImageCache.m */; };
		34052134213940FA00453F36 /* SDWebImageDownloaderOperation.m in Sources */ = {isa = PBXBuildFile; fileRef = 3405211B213940FA00453F36 /* SDWebImageDownloaderOperation.m */; };
		34052135213940FA00453F36 /* NSData+ImageContentType.m in Sources */ = {isa = PBXBuildFile; fileRef = 3405211E213940FA00453F36 /* NSData+ImageContentType.m */; };
		34052136213940FA00453F36 /* UIImageView+WebCache.m in Sources */ = {isa = PBXBuildFile; fileRef = 3405211F213940FA00453F36 /* UIImageView+WebCache.m */; };
		34052137213940FA00453F36 /* NSImage+WebCache.m in Sources */ = {isa = PBXBuildFile; fileRef = 34052121213940FA00453F36 /* NSImage+WebCache.m */; };
		34052138213940FA00453F36 /* SDImageCacheConfig.m in Sources */ = {isa = PBXBuildFile; fileRef = 34052123213940FA00453F36 /* SDImageCacheConfig.m */; };
		34052139213940FA00453F36 /* UIView+WebCacheOperation.m in Sources */ = {isa = PBXBuildFile; fileRef = 34052124213940FA00453F36 /* UIView+WebCacheOperation.m */; };
		3405213A213940FA00453F36 /* UIView+WebCache.m in Sources */ = {isa = PBXBuildFile; fileRef = 34052125213940FA00453F36 /* UIView+WebCache.m */; };
		3405213B213940FA00453F36 /* UIButton+WebCache.m in Sources */ = {isa = PBXBuildFile; fileRef = 34052129213940FA00453F36 /* UIButton+WebCache.m */; };
		340A554B21379A53003502C2 /* SJAudioPlayer.m in Sources */ = {isa = PBXBuildFile; fileRef = 340A554321379A52003502C2 /* SJAudioPlayer.m */; };
		340A554C21379A53003502C2 /* SJAudioStream.m in Sources */ = {isa = PBXBuildFile; fileRef = 340A554421379A52003502C2 /* SJAudioStream.m */; };
		340A554D21379A53003502C2 /* SJAudioFileStream.m in Sources */ = {isa = PBXBuildFile; fileRef = 340A554621379A52003502C2 /* SJAudioFileStream.m */; };
		340A554E21379A53003502C2 /* SJAudioQueue.m in Sources */ = {isa = PBXBuildFile; fileRef = 340A554A21379A52003502C2 /* SJAudioQueue.m */; };
		340A55572137FBF7003502C2 /* Assets.xcassets in Resources */ = {isa = PBXBuildFile; fileRef = 340A55512137FBF7003502C2 /* Assets.xcassets */; };
		340A55582137FBF7003502C2 /* LaunchScreen.storyboard in Resources */ = {isa = PBXBuildFile; fileRef = 340A55522137FBF7003502C2 /* LaunchScreen.storyboard */; };
/* End PBXBuildFile section */

/* Begin PBXFileReference section */
		1AB0EA1C20736C16002070E3 /* SJAudioPlayerDemo.app */ = {isa = PBXFileReference; explicitFileType = wrapper.application; includeInIndex = 0; path = SJAudioPlayerDemo.app; sourceTree = BUILT_PRODUCTS_DIR; };
		1AB0EA1F20736C17002070E3 /* AppDelegate.h */ = {isa = PBXFileReference; lastKnownFileType = sourcecode.c.h; path = AppDelegate.h; sourceTree = "<group>"; };
		1AB0EA2020736C17002070E3 /* AppDelegate.m */ = {isa = PBXFileReference; lastKnownFileType = sourcecode.c.objc; path = AppDelegate.m; sourceTree = "<group>"; };
		1AB0EA2220736C17002070E3 /* PlayMusicViewController.h */ = {isa = PBXFileReference; lastKnownFileType = sourcecode.c.h; path = PlayMusicViewController.h; sourceTree = "<group>"; };
		1AB0EA2320736C17002070E3 /* PlayMusicViewController.m */ = {isa = PBXFileReference; lastKnownFileType = sourcecode.c.objc; path = PlayMusicViewController.m; sourceTree = "<group>"; };
		1AB0EA2D20736C29002070E3 /* Info.plist */ = {isa = PBXFileReference; lastKnownFileType = text.plist.xml; path = Info.plist; sourceTree = "<group>"; };
		1AB0EA2E20736C29002070E3 /* main.m */ = {isa = PBXFileReference; lastKnownFileType = sourcecode.c.objc; path = main.m; sourceTree = "<group>"; };
		340520D3213927A000453F36 /* Main.storyboard */ = {isa = PBXFileReference; fileEncoding = 4; lastKnownFileType = file.storyboard; path = Main.storyboard; sourceTree = "<group>"; };
		34052108213940FA00453F36 /* NSImage+WebCache.h */ = {isa = PBXFileReference; fileEncoding = 4; lastKnownFileType = sourcecode.c.h; path = "NSImage+WebCache.h"; sourceTree = "<group>"; };
		34052109213940FA00453F36 /* UIImageView+WebCache.h */ = {isa = PBXFileReference; fileEncoding = 4; lastKnownFileType = sourcecode.c.h; path = "UIImageView+WebCache.h"; sourceTree = "<group>"; };
		3405210A213940FA00453F36 /* NSData+ImageContentType.h */ = {isa = PBXFileReference; fileEncoding = 4; lastKnownFileType = sourcecode.c.h; path = "NSData+ImageContentType.h"; sourceTree = "<group>"; };
		3405210B213940FA00453F36 /* SDWebImageManager.m */ = {isa = PBXFileReference; fileEncoding = 4; lastKnownFileType = sourcecode.c.objc; path = SDWebImageManager.m; sourceTree = "<group>"; };
		3405210C213940FA00453F36 /* SDWebImageDecoder.m */ = {isa = PBXFileReference; fileEncoding = 4; lastKnownFileType = sourcecode.c.objc; path = SDWebImageDecoder.m; sourceTree = "<group>"; };
		3405210D213940FA00453F36 /* SDWebImageDownloaderOperation.h */ = {isa = PBXFileReference; fileEncoding = 4; lastKnownFileType = sourcecode.c.h; path = SDWebImageDownloaderOperation.h; sourceTree = "<group>"; };
		3405210E213940FA00453F36 /* UIImageView+HighlightedWebCache.m */ = {isa = PBXFileReference; fileEncoding = 4; lastKnownFileType = sourcecode.c.objc; path = "UIImageView+HighlightedWebCache.m"; sourceTree = "<group>"; };
		3405210F213940FA00453F36 /* SDImageCache.h */ = {isa = PBXFileReference; fileEncoding = 4; lastKnownFileType = sourcecode.c.h; path = SDImageCache.h; sourceTree = "<group>"; };
		34052110213940FA00453F36 /* SDImageCacheConfig.h */ = {isa = PBXFileReference; fileEncoding = 4; lastKnownFileType = sourcecode.c.h; path = SDImageCacheConfig.h; sourceTree = "<group>"; };
		34052111213940FA00453F36 /* SDWebImageDownloader.m */ = {isa = PBXFileReference; fileEncoding = 4; lastKnownFileType = sourcecode.c.objc; path = SDWebImageDownloader.m; sourceTree = "<group>"; };
		34052112213940FA00453F36 /* UIImage+GIF.m */ = {isa = PBXFileReference; fileEncoding = 4; lastKnownFileType = sourcecode.c.objc; path = "UIImage+GIF.m"; sourceTree = "<group>"; };
		34052113213940FA00453F36 /* UIButton+WebCache.h */ = {isa = PBXFileReference; fileEncoding = 4; lastKnownFileType = sourcecode.c.h; path = "UIButton+WebCache.h"; sourceTree = "<group>"; };
		34052114213940FA00453F36 /* UIImage+MultiFormat.m */ = {isa = PBXFileReference; fileEncoding = 4; lastKnownFileType = sourcecode.c.objc; path = "UIImage+MultiFormat.m"; sourceTree = "<group>"; };
		34052115213940FA00453F36 /* SDWebImageCompat.m */ = {isa = PBXFileReference; fileEncoding = 4; lastKnownFileType = sourcecode.c.objc; path = SDWebImageCompat.m; sourceTree = "<group>"; };
		34052116213940FA00453F36 /* SDWebImagePrefetcher.m */ = {isa = PBXFileReference; fileEncoding = 4; lastKnownFileType = sourcecode.c.objc; path = SDWebImagePrefetcher.m; sourceTree = "<group>"; };
		34052117213940FA00453F36 /* UIView+WebCache.h */ = {isa = PBXFileReference; fileEncoding = 4; lastKnownFileType = sourcecode.c.h; path = "UIView+WebCache.h"; sourceTree = "<group>"; };
		34052118213940FA00453F36 /* UIView+WebCacheOperation.h */ = {isa = PBXFileReference; fileEncoding = 4; lastKnownFileType = sourcecode.c.h; path = "UIView+WebCacheOperation.h"; sourceTree = "<group>"; };
		34052119213940FA00453F36 /* SDImageCache.m */ = {isa = PBXFileReference; fileEncoding = 4; lastKnownFileType = sourcecode.c.objc; path = SDImageCache.m; sourceTree = "<group>"; };
		3405211A213940FA00453F36 /* UIImageView+HighlightedWebCache.h */ = {isa = PBXFileReference; fileEncoding = 4; lastKnownFileType = sourcecode.c.h; path = "UIImageView+HighlightedWebCache.h"; sourceTree = "<group>"; };
		3405211B213940FA00453F36 /* SDWebImageDownloaderOperation.m */ = {isa = PBXFileReference; fileEncoding = 4; lastKnownFileType = sourcecode.c.objc; path = SDWebImageDownloaderOperation.m; sourceTree = "<group>"; };
		3405211C213940FA00453F36 /* SDWebImageDecoder.h */ = {isa = PBXFileReference; fileEncoding = 4; lastKnownFileType = sourcecode.c.h; path = SDWebImageDecoder.h; sourceTree = "<group>"; };
		3405211D213940FA00453F36 /* SDWebImageManager.h */ = {isa = PBXFileReference; fileEncoding = 4; lastKnownFileType = sourcecode.c.h; path = SDWebImageManager.h; sourceTree = "<group>"; };
		3405211E213940FA00453F36 /* NSData+ImageContentType.m */ = {isa = PBXFileReference; fileEncoding = 4; lastKnownFileType = sourcecode.c.objc; path = "NSData+ImageContentType.m"; sourceTree = "<group>"; };
		3405211F213940FA00453F36 /* UIImageView+WebCache.m */ = {isa = PBXFileReference; fileEncoding = 4; lastKnownFileType = sourcecode.c.objc; path = "UIImageView+WebCache.m"; sourceTree = "<group>"; };
		34052120213940FA00453F36 /* SDWebImageOperation.h */ = {isa = PBXFileReference; fileEncoding = 4; lastKnownFileType = sourcecode.c.h; path = SDWebImageOperation.h; sourceTree = "<group>"; };
		34052121213940FA00453F36 /* NSImage+WebCache.m */ = {isa = PBXFileReference; fileEncoding = 4; lastKnownFileType = sourcecode.c.objc; path = "NSImage+WebCache.m"; sourceTree = "<group>"; };
		34052122213940FA00453F36 /* SDWebImageDownloader.h */ = {isa = PBXFileReference; fileEncoding = 4; lastKnownFileType = sourcecode.c.h; path = SDWebImageDownloader.h; sourceTree = "<group>"; };
		34052123213940FA00453F36 /* SDImageCacheConfig.m */ = {isa = PBXFileReference; fileEncoding = 4; lastKnownFileType = sourcecode.c.objc; path = SDImageCacheConfig.m; sourceTree = "<group>"; };
		34052124213940FA00453F36 /* UIView+WebCacheOperation.m */ = {isa = PBXFileReference; fileEncoding = 4; lastKnownFileType = sourcecode.c.objc; path = "UIView+WebCacheOperation.m"; sourceTree = "<group>"; };
		34052125213940FA00453F36 /* UIView+WebCache.m */ = {isa = PBXFileReference; fileEncoding = 4; lastKnownFileType = sourcecode.c.objc; path = "UIView+WebCache.m"; sourceTree = "<group>"; };
		34052126213940FA00453F36 /* SDWebImagePrefetcher.h */ = {isa = PBXFileReference; fileEncoding = 4; lastKnownFileType = sourcecode.c.h; path = SDWebImagePrefetcher.h; sourceTree = "<group>"; };
		34052127213940FA00453F36 /* SDWebImageCompat.h */ = {isa = PBXFileReference; fileEncoding = 4; lastKnownFileType = sourcecode.c.h; path = SDWebImageCompat.h; sourceTree = "<group>"; };
		34052128213940FA00453F36 /* UIImage+MultiFormat.h */ = {isa = PBXFileReference; fileEncoding = 4; lastKnownFileType = sourcecode.c.h; path = "UIImage+MultiFormat.h"; sourceTree = "<group>"; };
		34052129213940FA00453F36 /* UIButton+WebCache.m */ = {isa = PBXFileReference; fileEncoding = 4; lastKnownFileType = sourcecode.c.objc; path = "UIButton+WebCache.m"; sourceTree = "<group>"; };
		3405212A213940FA00453F36 /* UIImage+GIF.h */ = {isa = PBXFileReference; fileEncoding = 4; lastKnownFileType = sourcecode.c.h; path = "UIImage+GIF.h"; sourceTree = "<group>"; };
		340A554321379A52003502C2 /* SJAudioPlayer.m */ = {isa = PBXFileReference; fileEncoding = 4; lastKnownFileType = sourcecode.c.objc; path = SJAudioPlayer.m; sourceTree = "<group>"; };
		340A554421379A52003502C2 /* SJAudioStream.m */ = {isa = PBXFileReference; fileEncoding = 4; lastKnownFileType = sourcecode.c.objc; path = SJAudioStream.m; sourceTree = "<group>"; };
		340A554521379A52003502C2 /* SJAudioQueue.h */ = {isa = PBXFileReference; fileEncoding = 4; lastKnownFileType = sourcecode.c.h; path = SJAudioQueue.h; sourceTree = "<group>"; };
		340A554621379A52003502C2 /* SJAudioFileStream.m */ = {isa = PBXFileReference; fileEncoding = 4; lastKnownFileType = sourcecode.c.objc; path = SJAudioFileStream.m; sourceTree = "<group>"; };
		340A554721379A52003502C2 /* SJAudioStream.h */ = {isa = PBXFileReference; fileEncoding = 4; lastKnownFileType = sourcecode.c.h; path = SJAudioStream.h; sourceTree = "<group>"; };
		340A554821379A52003502C2 /* SJAudioPlayer.h */ = {isa = PBXFileReference; fileEncoding = 4; lastKnownFileType = sourcecode.c.h; path = SJAudioPlayer.h; sourceTree = "<group>"; };
		340A554921379A52003502C2 /* SJAudioFileStream.h */ = {isa = PBXFileReference; fileEncoding = 4; lastKnownFileType = sourcecode.c.h; path = SJAudioFileStream.h; sourceTree = "<group>"; };
		340A554A21379A52003502C2 /* SJAudioQueue.m */ = {isa = PBXFileReference; fileEncoding = 4; lastKnownFileType = sourcecode.c.objc; path = SJAudioQueue.m; sourceTree = "<group>"; };
		340A55512137FBF7003502C2 /* Assets.xcassets */ = {isa = PBXFileReference; lastKnownFileType = folder.assetcatalog; path = Assets.xcassets; sourceTree = "<group>"; };
		340A55532137FBF7003502C2 /* Base */ = {isa = PBXFileReference; lastKnownFileType = file.storyboard; name = Base; path = Base.lproj/LaunchScreen.storyboard; sourceTree = "<group>"; };
/* End PBXFileReference section */

/* Begin PBXFrameworksBuildPhase section */
		1AB0EA1920736C16002070E3 /* Frameworks */ = {
			isa = PBXFrameworksBuildPhase;
			buildActionMask = 2147483647;
			files = (
			);
			runOnlyForDeploymentPostprocessing = 0;
		};
/* End PBXFrameworksBuildPhase section */

/* Begin PBXGroup section */
		1AB0EA1320736C16002070E3 = {
			isa = PBXGroup;
			children = (
				1AB0EA1E20736C16002070E3 /* SJAudioPlayerDemo */,
				1AB0EA1D20736C16002070E3 /* Products */,
			);
			sourceTree = "<group>";
		};
		1AB0EA1D20736C16002070E3 /* Products */ = {
			isa = PBXGroup;
			children = (
				1AB0EA1C20736C16002070E3 /* SJAudioPlayerDemo.app */,
			);
			name = Products;
			sourceTree = "<group>";
		};
		1AB0EA1E20736C16002070E3 /* SJAudioPlayerDemo */ = {
			isa = PBXGroup;
			children = (
				34052107213940FA00453F36 /* SDWebImage */,
				340A554221379A52003502C2 /* SJAudioPlayer */,
				1AB0EA1F20736C17002070E3 /* AppDelegate.h */,
				1AB0EA2020736C17002070E3 /* AppDelegate.m */,
				1AB0EA2220736C17002070E3 /* PlayMusicViewController.h */,
				1AB0EA2320736C17002070E3 /* PlayMusicViewController.m */,
				340A554F2137FBF7003502C2 /* Resource */,
				1AB0EA2D20736C29002070E3 /* Info.plist */,
				1AB0EA2E20736C29002070E3 /* main.m */,
			);
			path = SJAudioPlayerDemo;
			sourceTree = "<group>";
		};
		34052107213940FA00453F36 /* SDWebImage */ = {
			isa = PBXGroup;
			children = (
				34052120213940FA00453F36 /* SDWebImageOperation.h */,
				34052108213940FA00453F36 /* NSImage+WebCache.h */,
				34052121213940FA00453F36 /* NSImage+WebCache.m */,
				34052109213940FA00453F36 /* UIImageView+WebCache.h */,
				3405211F213940FA00453F36 /* UIImageView+WebCache.m */,
				3405210A213940FA00453F36 /* NSData+ImageContentType.h */,
				3405211E213940FA00453F36 /* NSData+ImageContentType.m */,
				3405211D213940FA00453F36 /* SDWebImageManager.h */,
				3405210B213940FA00453F36 /* SDWebImageManager.m */,
				3405210D213940FA00453F36 /* SDWebImageDownloaderOperation.h */,
				3405211B213940FA00453F36 /* SDWebImageDownloaderOperation.m */,
				3405211A213940FA00453F36 /* UIImageView+HighlightedWebCache.h */,
				3405210E213940FA00453F36 /* UIImageView+HighlightedWebCache.m */,
				3405210F213940FA00453F36 /* SDImageCache.h */,
				34052119213940FA00453F36 /* SDImageCache.m */,
				34052110213940FA00453F36 /* SDImageCacheConfig.h */,
				34052123213940FA00453F36 /* SDImageCacheConfig.m */,
				34052122213940FA00453F36 /* SDWebImageDownloader.h */,
				34052111213940FA00453F36 /* SDWebImageDownloader.m */,
				3405212A213940FA00453F36 /* UIImage+GIF.h */,
				34052112213940FA00453F36 /* UIImage+GIF.m */,
				34052113213940FA00453F36 /* UIButton+WebCache.h */,
				34052129213940FA00453F36 /* UIButton+WebCache.m */,
				34052128213940FA00453F36 /* UIImage+MultiFormat.h */,
				34052114213940FA00453F36 /* UIImage+MultiFormat.m */,
				34052127213940FA00453F36 /* SDWebImageCompat.h */,
				34052115213940FA00453F36 /* SDWebImageCompat.m */,
				34052126213940FA00453F36 /* SDWebImagePrefetcher.h */,
				34052116213940FA00453F36 /* SDWebImagePrefetcher.m */,
				34052117213940FA00453F36 /* UIView+WebCache.h */,
				34052125213940FA00453F36 /* UIView+WebCache.m */,
				34052118213940FA00453F36 /* UIView+WebCacheOperation.h */,
				34052124213940FA00453F36 /* UIView+WebCacheOperation.m */,
				3405211C213940FA00453F36 /* SDWebImageDecoder.h */,
				3405210C213940FA00453F36 /* SDWebImageDecoder.m */,
			);
			path = SDWebImage;
			sourceTree = "<group>";
		};
		340A554221379A52003502C2 /* SJAudioPlayer */ = {
			isa = PBXGroup;
			children = (
				340A554721379A52003502C2 /* SJAudioStream.h */,
				340A554421379A52003502C2 /* SJAudioStream.m */,
				340A554921379A52003502C2 /* SJAudioFileStream.h */,
				340A554621379A52003502C2 /* SJAudioFileStream.m */,
				340A554521379A52003502C2 /* SJAudioQueue.h */,
				340A554A21379A52003502C2 /* SJAudioQueue.m */,
				340A554821379A52003502C2 /* SJAudioPlayer.h */,
				340A554321379A52003502C2 /* SJAudioPlayer.m */,
			);
			path = SJAudioPlayer;
			sourceTree = "<group>";
		};
		340A554F2137FBF7003502C2 /* Resource */ = {
			isa = PBXGroup;
			children = (
				340A55512137FBF7003502C2 /* Assets.xcassets */,
				340A55522137FBF7003502C2 /* LaunchScreen.storyboard */,
				340520D3213927A000453F36 /* Main.storyboard */,
			);
			path = Resource;
			sourceTree = "<group>";
		};
/* End PBXGroup section */

/* Begin PBXNativeTarget section */
		1AB0EA1B20736C16002070E3 /* SJAudioPlayerDemo */ = {
			isa = PBXNativeTarget;
			buildConfigurationList = 1AB0EA3220736C29002070E3 /* Build configuration list for PBXNativeTarget "SJAudioPlayerDemo" */;
			buildPhases = (
				1AB0EA1820736C16002070E3 /* Sources */,
				1AB0EA1920736C16002070E3 /* Frameworks */,
				1AB0EA1A20736C16002070E3 /* Resources */,
			);
			buildRules = (
			);
			dependencies = (
			);
			name = SJAudioPlayerDemo;
			productName = SJAudioStream;
			productReference = 1AB0EA1C20736C16002070E3 /* SJAudioPlayerDemo.app */;
			productType = "com.apple.product-type.application";
		};
/* End PBXNativeTarget section */

/* Begin PBXProject section */
		1AB0EA1420736C16002070E3 /* Project object */ = {
			isa = PBXProject;
			attributes = {
				LastUpgradeCheck = 0930;
				ORGANIZATIONNAME = "张诗健";
				TargetAttributes = {
					1AB0EA1B20736C16002070E3 = {
						CreatedOnToolsVersion = 9.3;
						SystemCapabilities = {
							com.apple.BackgroundModes = {
								enabled = 1;
							};
						};
					};
				};
			};
			buildConfigurationList = 1AB0EA1720736C16002070E3 /* Build configuration list for PBXProject "SJAudioPlayerDemo" */;
			compatibilityVersion = "Xcode 9.3";
			developmentRegion = en;
			hasScannedForEncodings = 0;
			knownRegions = (
				en,
				Base,
			);
			mainGroup = 1AB0EA1320736C16002070E3;
			productRefGroup = 1AB0EA1D20736C16002070E3 /* Products */;
			projectDirPath = "";
			projectRoot = "";
			targets = (
				1AB0EA1B20736C16002070E3 /* SJAudioPlayerDemo */,
			);
		};
/* End PBXProject section */

/* Begin PBXResourcesBuildPhase section */
		1AB0EA1A20736C16002070E3 /* Resources */ = {
			isa = PBXResourcesBuildPhase;
			buildActionMask = 2147483647;
			files = (
				340A55582137FBF7003502C2 /* LaunchScreen.storyboard in Resources */,
				340A55572137FBF7003502C2 /* Assets.xcassets in Resources */,
				340520D4213927A000453F36 /* Main.storyboard in Resources */,
			);
			runOnlyForDeploymentPostprocessing = 0;
		};
/* End PBXResourcesBuildPhase section */

/* Begin PBXSourcesBuildPhase section */
		1AB0EA1820736C16002070E3 /* Sources */ = {
			isa = PBXSourcesBuildPhase;
			buildActionMask = 2147483647;
			files = (
				34052130213940FA00453F36 /* UIImage+MultiFormat.m in Sources */,
				340A554E21379A53003502C2 /* SJAudioQueue.m in Sources */,
				3405212B213940FA00453F36 /* SDWebImageManager.m in Sources */,
				1AB0EA2420736C17002070E3 /* PlayMusicViewController.m in Sources */,
				34052139213940FA00453F36 /* UIView+WebCacheOperation.m in Sources */,
				34052135213940FA00453F36 /* NSData+ImageContentType.m in Sources */,
				3405212E213940FA00453F36 /* SDWebImageDownloader.m in Sources */,
				34052131213940FA00453F36 /* SDWebImageCompat.m in Sources */,
				34052132213940FA00453F36 /* SDWebImagePrefetcher.m in Sources */,
				34052133213940FA00453F36 /* SDImageCache.m in Sources */,
				3405213A213940FA00453F36 /* UIView+WebCache.m in Sources */,
				34052134213940FA00453F36 /* SDWebImageDownloaderOperation.m in Sources */,
				34052138213940FA00453F36 /* SDImageCacheConfig.m in Sources */,
				3405213B213940FA00453F36 /* UIButton+WebCache.m in Sources */,
				34052136213940FA00453F36 /* UIImageView+WebCache.m in Sources */,
				1AB0EA2F20736C29002070E3 /* main.m in Sources */,
				340A554B21379A53003502C2 /* SJAudioPlayer.m in Sources */,
				3405212F213940FA00453F36 /* UIImage+GIF.m in Sources */,
				34052137213940FA00453F36 /* NSImage+WebCache.m in Sources */,
				340A554D21379A53003502C2 /* SJAudioFileStream.m in Sources */,
				1AB0EA2120736C17002070E3 /* AppDelegate.m in Sources */,
				3405212C213940FA00453F36 /* SDWebImageDecoder.m in Sources */,
				3405212D213940FA00453F36 /* UIImageView+HighlightedWebCache.m in Sources */,
				340A554C21379A53003502C2 /* SJAudioStream.m in Sources */,
			);
			runOnlyForDeploymentPostprocessing = 0;
		};
/* End PBXSourcesBuildPhase section */

/* Begin PBXVariantGroup section */
		340A55522137FBF7003502C2 /* LaunchScreen.storyboard */ = {
			isa = PBXVariantGroup;
			children = (
				340A55532137FBF7003502C2 /* Base */,
			);
			name = LaunchScreen.storyboard;
			sourceTree = "<group>";
		};
/* End PBXVariantGroup section */

/* Begin XCBuildConfiguration section */
		1AB0EA3020736C29002070E3 /* Debug */ = {
			isa = XCBuildConfiguration;
			buildSettings = {
				ALWAYS_SEARCH_USER_PATHS = NO;
				CLANG_ANALYZER_NONNULL = YES;
				CLANG_ANALYZER_NUMBER_OBJECT_CONVERSION = YES_AGGRESSIVE;
				CLANG_CXX_LANGUAGE_STANDARD = "gnu++14";
				CLANG_CXX_LIBRARY = "libc++";
				CLANG_ENABLE_MODULES = YES;
				CLANG_ENABLE_OBJC_ARC = YES;
				CLANG_ENABLE_OBJC_WEAK = YES;
				CLANG_WARN_BLOCK_CAPTURE_AUTORELEASING = YES;
				CLANG_WARN_BOOL_CONVERSION = YES;
				CLANG_WARN_COMMA = YES;
				CLANG_WARN_CONSTANT_CONVERSION = YES;
				CLANG_WARN_DEPRECATED_OBJC_IMPLEMENTATIONS = YES;
				CLANG_WARN_DIRECT_OBJC_ISA_USAGE = YES_ERROR;
				CLANG_WARN_DOCUMENTATION_COMMENTS = YES;
				CLANG_WARN_EMPTY_BODY = YES;
				CLANG_WARN_ENUM_CONVERSION = YES;
				CLANG_WARN_INFINITE_RECURSION = YES;
				CLANG_WARN_INT_CONVERSION = YES;
				CLANG_WARN_NON_LITERAL_NULL_CONVERSION = YES;
				CLANG_WARN_OBJC_IMPLICIT_RETAIN_SELF = YES;
				CLANG_WARN_OBJC_LITERAL_CONVERSION = YES;
				CLANG_WARN_OBJC_ROOT_CLASS = YES_ERROR;
				CLANG_WARN_RANGE_LOOP_ANALYSIS = YES;
				CLANG_WARN_STRICT_PROTOTYPES = YES;
				CLANG_WARN_SUSPICIOUS_MOVE = YES;
				CLANG_WARN_UNGUARDED_AVAILABILITY = YES_AGGRESSIVE;
				CLANG_WARN_UNREACHABLE_CODE = YES;
				CLANG_WARN__DUPLICATE_METHOD_MATCH = YES;
				CODE_SIGN_IDENTITY = "iPhone Developer";
				COPY_PHASE_STRIP = NO;
				DEBUG_INFORMATION_FORMAT = dwarf;
				ENABLE_STRICT_OBJC_MSGSEND = YES;
				ENABLE_TESTABILITY = YES;
				GCC_C_LANGUAGE_STANDARD = gnu11;
				GCC_DYNAMIC_NO_PIC = NO;
				GCC_NO_COMMON_BLOCKS = YES;
				GCC_OPTIMIZATION_LEVEL = 0;
				GCC_PREPROCESSOR_DEFINITIONS = (
					"DEBUG=1",
					"$(inherited)",
				);
				GCC_WARN_64_TO_32_BIT_CONVERSION = YES;
				GCC_WARN_ABOUT_RETURN_TYPE = YES_ERROR;
				GCC_WARN_UNDECLARED_SELECTOR = YES;
				GCC_WARN_UNINITIALIZED_AUTOS = YES_AGGRESSIVE;
				GCC_WARN_UNUSED_FUNCTION = YES;
				GCC_WARN_UNUSED_VARIABLE = YES;
				IPHONEOS_DEPLOYMENT_TARGET = 8.0;
				MTL_ENABLE_DEBUG_INFO = YES;
				ONLY_ACTIVE_ARCH = YES;
				SDKROOT = iphoneos;
			};
			name = Debug;
		};
		1AB0EA3120736C29002070E3 /* Release */ = {
			isa = XCBuildConfiguration;
			buildSettings = {
				ALWAYS_SEARCH_USER_PATHS = NO;
				CLANG_ANALYZER_NONNULL = YES;
				CLANG_ANALYZER_NUMBER_OBJECT_CONVERSION = YES_AGGRESSIVE;
				CLANG_CXX_LANGUAGE_STANDARD = "gnu++14";
				CLANG_CXX_LIBRARY = "libc++";
				CLANG_ENABLE_MODULES = YES;
				CLANG_ENABLE_OBJC_ARC = YES;
				CLANG_ENABLE_OBJC_WEAK = YES;
				CLANG_WARN_BLOCK_CAPTURE_AUTORELEASING = YES;
				CLANG_WARN_BOOL_CONVERSION = YES;
				CLANG_WARN_COMMA = YES;
				CLANG_WARN_CONSTANT_CONVERSION = YES;
				CLANG_WARN_DEPRECATED_OBJC_IMPLEMENTATIONS = YES;
				CLANG_WARN_DIRECT_OBJC_ISA_USAGE = YES_ERROR;
				CLANG_WARN_DOCUMENTATION_COMMENTS = YES;
				CLANG_WARN_EMPTY_BODY = YES;
				CLANG_WARN_ENUM_CONVERSION = YES;
				CLANG_WARN_INFINITE_RECURSION = YES;
				CLANG_WARN_INT_CONVERSION = YES;
				CLANG_WARN_NON_LITERAL_NULL_CONVERSION = YES;
				CLANG_WARN_OBJC_IMPLICIT_RETAIN_SELF = YES;
				CLANG_WARN_OBJC_LITERAL_CONVERSION = YES;
				CLANG_WARN_OBJC_ROOT_CLASS = YES_ERROR;
				CLANG_WARN_RANGE_LOOP_ANALYSIS = YES;
				CLANG_WARN_STRICT_PROTOTYPES = YES;
				CLANG_WARN_SUSPICIOUS_MOVE = YES;
				CLANG_WARN_UNGUARDED_AVAILABILITY = YES_AGGRESSIVE;
				CLANG_WARN_UNREACHABLE_CODE = YES;
				CLANG_WARN__DUPLICATE_METHOD_MATCH = YES;
				CODE_SIGN_IDENTITY = "iPhone Developer";
				COPY_PHASE_STRIP = NO;
				DEBUG_INFORMATION_FORMAT = "dwarf-with-dsym";
				ENABLE_NS_ASSERTIONS = NO;
				ENABLE_STRICT_OBJC_MSGSEND = YES;
				GCC_C_LANGUAGE_STANDARD = gnu11;
				GCC_NO_COMMON_BLOCKS = YES;
				GCC_WARN_64_TO_32_BIT_CONVERSION = YES;
				GCC_WARN_ABOUT_RETURN_TYPE = YES_ERROR;
				GCC_WARN_UNDECLARED_SELECTOR = YES;
				GCC_WARN_UNINITIALIZED_AUTOS = YES_AGGRESSIVE;
				GCC_WARN_UNUSED_FUNCTION = YES;
				GCC_WARN_UNUSED_VARIABLE = YES;
				IPHONEOS_DEPLOYMENT_TARGET = 8.0;
				MTL_ENABLE_DEBUG_INFO = NO;
				SDKROOT = iphoneos;
				VALIDATE_PRODUCT = YES;
			};
			name = Release;
		};
		1AB0EA3320736C29002070E3 /* Debug */ = {
			isa = XCBuildConfiguration;
			buildSettings = {
				ASSETCATALOG_COMPILER_APPICON_NAME = AppIcon;
				CODE_SIGN_STYLE = Automatic;
				DEVELOPMENT_TEAM = 8AWR7HVK86;
				INFOPLIST_FILE = "$(SRCROOT)/SJAudioPlayerDemo/Info.plist";
				IPHONEOS_DEPLOYMENT_TARGET = 8.0;
				LD_RUNPATH_SEARCH_PATHS = (
					"$(inherited)",
					"@executable_path/Frameworks",
				);
				PRODUCT_BUNDLE_IDENTIFIER = com.xunxin.SJAudioStream;
				PRODUCT_NAME = "$(TARGET_NAME)";
				TARGETED_DEVICE_FAMILY = "1,2";
			};
			name = Debug;
		};
		1AB0EA3420736C29002070E3 /* Release */ = {
			isa = XCBuildConfiguration;
			buildSettings = {
				ASSETCATALOG_COMPILER_APPICON_NAME = AppIcon;
				CODE_SIGN_STYLE = Automatic;
				DEVELOPMENT_TEAM = 8AWR7HVK86;
				INFOPLIST_FILE = "$(SRCROOT)/SJAudioPlayerDemo/Info.plist";
				IPHONEOS_DEPLOYMENT_TARGET = 8.0;
				LD_RUNPATH_SEARCH_PATHS = (
					"$(inherited)",
					"@executable_path/Frameworks",
				);
				PRODUCT_BUNDLE_IDENTIFIER = com.xunxin.SJAudioStream;
				PRODUCT_NAME = "$(TARGET_NAME)";
				TARGETED_DEVICE_FAMILY = "1,2";
			};
			name = Release;
		};
/* End XCBuildConfiguration section */

/* Begin XCConfigurationList section */
		1AB0EA1720736C16002070E3 /* Build configuration list for PBXProject "SJAudioPlayerDemo" */ = {
			isa = XCConfigurationList;
			buildConfigurations = (
				1AB0EA3020736C29002070E3 /* Debug */,
				1AB0EA3120736C29002070E3 /* Release */,
			);
			defaultConfigurationIsVisible = 0;
			defaultConfigurationName = Release;
		};
		1AB0EA3220736C29002070E3 /* Build configuration list for PBXNativeTarget "SJAudioPlayerDemo" */ = {
			isa = XCConfigurationList;
			buildConfigurations = (
				1AB0EA3320736C29002070E3 /* Debug */,
				1AB0EA3420736C29002070E3 /* Release */,
			);
			defaultConfigurationIsVisible = 0;
			defaultConfigurationName = Release;
		};
/* End XCConfigurationList section */
	};
	rootObject = 1AB0EA1420736C16002070E3 /* Project object */;
}
