// !$*UTF8*$!
{
	archiveVersion = 1;
	classes = {
	};
	objectVersion = 46;
	objects = {

/* Begin PBXBuildFile section */
		34412FC01C9ED23D00E27936 /* SJAudioNetWorkControl.m in Sources */ = {isa = PBXBuildFile; fileRef = 34412FBF1C9ED23D00E27936 /* SJAudioNetWorkControl.m */; };
		349429401C5113D4003542A0 /* SJHTTPStream.m in Sources */ = {isa = PBXBuildFile; fileRef = 3494293F1C5113D4003542A0 /* SJHTTPStream.m */; };
		34CCC2AF1C4F70EA00FEA132 /* SJTabBarViewController.m in Sources */ = {isa = PBXBuildFile; fileRef = 34CCC2AC1C4F70EA00FEA132 /* SJTabBarViewController.m */; };
		34CCC2B01C4F70EA00FEA132 /* ViewController.m in Sources */ = {isa = PBXBuildFile; fileRef = 34CCC2AE1C4F70EA00FEA132 /* ViewController.m */; };
		34CCC2B11C4F716D00FEA132 /* SJMusicPlayerBar.m in Sources */ = {isa = PBXBuildFile; fileRef = 34CCC2A01C4F704600FEA132 /* SJMusicPlayerBar.m */; };
		34CCC2B71C4F71DF00FEA132 /* UIView+LoadNib.m in Sources */ = {isa = PBXBuildFile; fileRef = 34CCC2B61C4F71DF00FEA132 /* UIView+LoadNib.m */; };
		34CCC2E31C4F729500FEA132 /* AFDownloadRequestOperation.m in Sources */ = {isa = PBXBuildFile; fileRef = 34CCC2BB1C4F729500FEA132 /* AFDownloadRequestOperation.m */; };
		34CCC2E41C4F729500FEA132 /* AFHTTPRequestOperation.m in Sources */ = {isa = PBXBuildFile; fileRef = 34CCC2BD1C4F729500FEA132 /* AFHTTPRequestOperation.m */; };
		34CCC2E51C4F729500FEA132 /* AFHTTPRequestOperationManager.m in Sources */ = {isa = PBXBuildFile; fileRef = 34CCC2BF1C4F729500FEA132 /* AFHTTPRequestOperationManager.m */; };
		34CCC2E61C4F729500FEA132 /* AFHTTPSessionManager.m in Sources */ = {isa = PBXBuildFile; fileRef = 34CCC2C11C4F729500FEA132 /* AFHTTPSessionManager.m */; };
		34CCC2E71C4F729500FEA132 /* AFNetworkReachabilityManager.m in Sources */ = {isa = PBXBuildFile; fileRef = 34CCC2C41C4F729500FEA132 /* AFNetworkReachabilityManager.m */; };
		34CCC2E81C4F729500FEA132 /* AFSecurityPolicy.m in Sources */ = {isa = PBXBuildFile; fileRef = 34CCC2C61C4F729500FEA132 /* AFSecurityPolicy.m */; };
		34CCC2E91C4F729500FEA132 /* AFURLConnectionOperation.m in Sources */ = {isa = PBXBuildFile; fileRef = 34CCC2C81C4F729500FEA132 /* AFURLConnectionOperation.m */; };
		34CCC2EA1C4F729500FEA132 /* AFURLRequestSerialization.m in Sources */ = {isa = PBXBuildFile; fileRef = 34CCC2CA1C4F729500FEA132 /* AFURLRequestSerialization.m */; };
		34CCC2EB1C4F729500FEA132 /* AFURLResponseSerialization.m in Sources */ = {isa = PBXBuildFile; fileRef = 34CCC2CC1C4F729500FEA132 /* AFURLResponseSerialization.m */; };
		34CCC2EC1C4F729500FEA132 /* AFURLSessionManager.m in Sources */ = {isa = PBXBuildFile; fileRef = 34CCC2CE1C4F729500FEA132 /* AFURLSessionManager.m */; };
		34CCC2ED1C4F729500FEA132 /* Reachability.m in Sources */ = {isa = PBXBuildFile; fileRef = 34CCC2D01C4F729500FEA132 /* Reachability.m */; };
		34CCC2EE1C4F729500FEA132 /* AFNetworkActivityIndicatorManager.m in Sources */ = {isa = PBXBuildFile; fileRef = 34CCC2D31C4F729500FEA132 /* AFNetworkActivityIndicatorManager.m */; };
		34CCC2EF1C4F729500FEA132 /* UIActivityIndicatorView+AFNetworking.m in Sources */ = {isa = PBXBuildFile; fileRef = 34CCC2D51C4F729500FEA132 /* UIActivityIndicatorView+AFNetworking.m */; };
		34CCC2F01C4F729500FEA132 /* UIAlertView+AFNetworking.m in Sources */ = {isa = PBXBuildFile; fileRef = 34CCC2D71C4F729500FEA132 /* UIAlertView+AFNetworking.m */; };
		34CCC2F11C4F729500FEA132 /* UIButton+AFNetworking.m in Sources */ = {isa = PBXBuildFile; fileRef = 34CCC2D91C4F729500FEA132 /* UIButton+AFNetworking.m */; };
		34CCC2F21C4F729500FEA132 /* UIImageView+AFNetworking.m in Sources */ = {isa = PBXBuildFile; fileRef = 34CCC2DB1C4F729500FEA132 /* UIImageView+AFNetworking.m */; };
		34CCC2F31C4F729500FEA132 /* UIProgressView+AFNetworking.m in Sources */ = {isa = PBXBuildFile; fileRef = 34CCC2DE1C4F729500FEA132 /* UIProgressView+AFNetworking.m */; };
		34CCC2F41C4F729500FEA132 /* UIRefreshControl+AFNetworking.m in Sources */ = {isa = PBXBuildFile; fileRef = 34CCC2E01C4F729500FEA132 /* UIRefreshControl+AFNetworking.m */; };
		34CCC2F51C4F729500FEA132 /* UIWebView+AFNetworking.m in Sources */ = {isa = PBXBuildFile; fileRef = 34CCC2E21C4F729500FEA132 /* UIWebView+AFNetworking.m */; };
		34CCC2F81C4F770C00FEA132 /* TrackModel.m in Sources */ = {isa = PBXBuildFile; fileRef = 34CCC2F71C4F770C00FEA132 /* TrackModel.m */; };
		34CCC2FB1C4F77BA00FEA132 /* TrackModelManager.m in Sources */ = {isa = PBXBuildFile; fileRef = 34CCC2FA1C4F77BA00FEA132 /* TrackModelManager.m */; };
		34CCC2FE1C4F796D00FEA132 /* SJPlaylistViewController.m in Sources */ = {isa = PBXBuildFile; fileRef = 34CCC2FD1C4F796D00FEA132 /* SJPlaylistViewController.m */; };
		34CCC3001C4FABB400FEA132 /* Main.storyboard in Resources */ = {isa = PBXBuildFile; fileRef = 34CCC2FF1C4FABB400FEA132 /* Main.storyboard */; };
		34D085FC1C4CD2E700754D7F /* main.m in Sources */ = {isa = PBXBuildFile; fileRef = 34D085FB1C4CD2E700754D7F /* main.m */; };
		34D085FF1C4CD2E800754D7F /* AppDelegate.m in Sources */ = {isa = PBXBuildFile; fileRef = 34D085FE1C4CD2E800754D7F /* AppDelegate.m */; };
		34D086071C4CD2E800754D7F /* Assets.xcassets in Resources */ = {isa = PBXBuildFile; fileRef = 34D086061C4CD2E800754D7F /* Assets.xcassets */; };
		34D0860A1C4CD2E800754D7F /* LaunchScreen.storyboard in Resources */ = {isa = PBXBuildFile; fileRef = 34D086081C4CD2E800754D7F /* LaunchScreen.storyboard */; };
		34D086151C4CD2E800754D7F /* SJAudioStreamTests.m in Sources */ = {isa = PBXBuildFile; fileRef = 34D086141C4CD2E800754D7F /* SJAudioStreamTests.m */; };
		34D086201C4CD2E800754D7F /* SJAudioStreamUITests.m in Sources */ = {isa = PBXBuildFile; fileRef = 34D0861F1C4CD2E800754D7F /* SJAudioStreamUITests.m */; };
		34D0863F1C4CD4C100754D7F /* SJAudioSession.m in Sources */ = {isa = PBXBuildFile; fileRef = 34D086321C4CD4C100754D7F /* SJAudioSession.m */; };
		34D086401C4CD4C100754D7F /* SJAudioFile.m in Sources */ = {isa = PBXBuildFile; fileRef = 34D086341C4CD4C100754D7F /* SJAudioFile.m */; };
		34D086411C4CD4C100754D7F /* SJAudioFileStream.m in Sources */ = {isa = PBXBuildFile; fileRef = 34D086361C4CD4C100754D7F /* SJAudioFileStream.m */; };
		34D086421C4CD4C100754D7F /* SJAudioOutputQueue.m in Sources */ = {isa = PBXBuildFile; fileRef = 34D086381C4CD4C100754D7F /* SJAudioOutputQueue.m */; };
		34D086431C4CD4C100754D7F /* SJParsedAudioData.m in Sources */ = {isa = PBXBuildFile; fileRef = 34D0863A1C4CD4C100754D7F /* SJParsedAudioData.m */; };
		34D086441C4CD4C100754D7F /* SJAudioBuffer.m in Sources */ = {isa = PBXBuildFile; fileRef = 34D0863C1C4CD4C100754D7F /* SJAudioBuffer.m */; };
		34D086451C4CD4C100754D7F /* SJAudioPlayer.m in Sources */ = {isa = PBXBuildFile; fileRef = 34D0863E1C4CD4C100754D7F /* SJAudioPlayer.m */; };
		34D0864B1C4CD4F200754D7F /* dj.m4p in Resources */ = {isa = PBXBuildFile; fileRef = 34D086471C4CD4F200754D7F /* dj.m4p */; };
		34D0864C1C4CD4F200754D7F /* CAFSample.caf in Resources */ = {isa = PBXBuildFile; fileRef = 34D086481C4CD4F200754D7F /* CAFSample.caf */; };
		34D0864D1C4CD4F200754D7F /* M4ASample.m4a in Resources */ = {isa = PBXBuildFile; fileRef = 34D086491C4CD4F200754D7F /* M4ASample.m4a */; };
		34D0864E1C4CD4F200754D7F /* MP3Sample.mp3 in Resources */ = {isa = PBXBuildFile; fileRef = 34D0864A1C4CD4F200754D7F /* MP3Sample.mp3 */; };
/* End PBXBuildFile section */

/* Begin PBXContainerItemProxy section */
		34D086111C4CD2E800754D7F /* PBXContainerItemProxy */ = {
			isa = PBXContainerItemProxy;
			containerPortal = 34D085EF1C4CD2E700754D7F /* Project object */;
			proxyType = 1;
			remoteGlobalIDString = 34D085F61C4CD2E700754D7F;
			remoteInfo = SJAudioStream;
		};
		34D0861C1C4CD2E800754D7F /* PBXContainerItemProxy */ = {
			isa = PBXContainerItemProxy;
			containerPortal = 34D085EF1C4CD2E700754D7F /* Project object */;
			proxyType = 1;
			remoteGlobalIDString = 34D085F61C4CD2E700754D7F;
			remoteInfo = SJAudioStream;
		};
/* End PBXContainerItemProxy section */

/* Begin PBXFileReference section */
		34412FBE1C9ED23D00E27936 /* SJAudioNetWorkControl.h */ = {isa = PBXFileReference; fileEncoding = 4; lastKnownFileType = sourcecode.c.h; path = SJAudioNetWorkControl.h; sourceTree = "<group>"; };
		34412FBF1C9ED23D00E27936 /* SJAudioNetWorkControl.m */ = {isa = PBXFileReference; fileEncoding = 4; lastKnownFileType = sourcecode.c.objc; path = SJAudioNetWorkControl.m; sourceTree = "<group>"; };
		3494293E1C5113D4003542A0 /* SJHTTPStream.h */ = {isa = PBXFileReference; fileEncoding = 4; lastKnownFileType = sourcecode.c.h; path = SJHTTPStream.h; sourceTree = "<group>"; };
		3494293F1C5113D4003542A0 /* SJHTTPStream.m */ = {isa = PBXFileReference; fileEncoding = 4; lastKnownFileType = sourcecode.c.objc; path = SJHTTPStream.m; sourceTree = "<group>"; };
		34CCC29F1C4F704600FEA132 /* SJMusicPlayerBar.h */ = {isa = PBXFileReference; fileEncoding = 4; lastKnownFileType = sourcecode.c.h; path = SJMusicPlayerBar.h; sourceTree = "<group>"; };
		34CCC2A01C4F704600FEA132 /* SJMusicPlayerBar.m */ = {isa = PBXFileReference; fileEncoding = 4; lastKnownFileType = sourcecode.c.objc; path = SJMusicPlayerBar.m; sourceTree = "<group>"; };
		34CCC2A11C4F704600FEA132 /* SJMusicPlayerBar.xib */ = {isa = PBXFileReference; fileEncoding = 4; lastKnownFileType = file.xib; path = SJMusicPlayerBar.xib; sourceTree = "<group>"; };
		34CCC2AB1C4F70EA00FEA132 /* SJTabBarViewController.h */ = {isa = PBXFileReference; fileEncoding = 4; lastKnownFileType = sourcecode.c.h; path = SJTabBarViewController.h; sourceTree = "<group>"; };
		34CCC2AC1C4F70EA00FEA132 /* SJTabBarViewController.m */ = {isa = PBXFileReference; fileEncoding = 4; lastKnownFileType = sourcecode.c.objc; path = SJTabBarViewController.m; sourceTree = "<group>"; };
		34CCC2AD1C4F70EA00FEA132 /* ViewController.h */ = {isa = PBXFileReference; fileEncoding = 4; lastKnownFileType = sourcecode.c.h; path = ViewController.h; sourceTree = "<group>"; };
		34CCC2AE1C4F70EA00FEA132 /* ViewController.m */ = {isa = PBXFileReference; fileEncoding = 4; lastKnownFileType = sourcecode.c.objc; path = ViewController.m; sourceTree = "<group>"; };
		34CCC2B41C4F71DF00FEA132 /* SJHeaderFile.h */ = {isa = PBXFileReference; fileEncoding = 4; lastKnownFileType = sourcecode.c.h; path = SJHeaderFile.h; sourceTree = "<group>"; };
		34CCC2B51C4F71DF00FEA132 /* UIView+LoadNib.h */ = {isa = PBXFileReference; fileEncoding = 4; lastKnownFileType = sourcecode.c.h; path = "UIView+LoadNib.h"; sourceTree = "<group>"; };
		34CCC2B61C4F71DF00FEA132 /* UIView+LoadNib.m */ = {isa = PBXFileReference; fileEncoding = 4; lastKnownFileType = sourcecode.c.objc; path = "UIView+LoadNib.m"; sourceTree = "<group>"; };
		34CCC2BA1C4F729500FEA132 /* AFDownloadRequestOperation.h */ = {isa = PBXFileReference; fileEncoding = 4; lastKnownFileType = sourcecode.c.h; path = AFDownloadRequestOperation.h; sourceTree = "<group>"; };
		34CCC2BB1C4F729500FEA132 /* AFDownloadRequestOperation.m */ = {isa = PBXFileReference; fileEncoding = 4; lastKnownFileType = sourcecode.c.objc; path = AFDownloadRequestOperation.m; sourceTree = "<group>"; };
		34CCC2BC1C4F729500FEA132 /* AFHTTPRequestOperation.h */ = {isa = PBXFileReference; fileEncoding = 4; lastKnownFileType = sourcecode.c.h; path = AFHTTPRequestOperation.h; sourceTree = "<group>"; };
		34CCC2BD1C4F729500FEA132 /* AFHTTPRequestOperation.m */ = {isa = PBXFileReference; fileEncoding = 4; lastKnownFileType = sourcecode.c.objc; path = AFHTTPRequestOperation.m; sourceTree = "<group>"; };
		34CCC2BE1C4F729500FEA132 /* AFHTTPRequestOperationManager.h */ = {isa = PBXFileReference; fileEncoding = 4; lastKnownFileType = sourcecode.c.h; path = AFHTTPRequestOperationManager.h; sourceTree = "<group>"; };
		34CCC2BF1C4F729500FEA132 /* AFHTTPRequestOperationManager.m */ = {isa = PBXFileReference; fileEncoding = 4; lastKnownFileType = sourcecode.c.objc; path = AFHTTPRequestOperationManager.m; sourceTree = "<group>"; };
		34CCC2C01C4F729500FEA132 /* AFHTTPSessionManager.h */ = {isa = PBXFileReference; fileEncoding = 4; lastKnownFileType = sourcecode.c.h; path = AFHTTPSessionManager.h; sourceTree = "<group>"; };
		34CCC2C11C4F729500FEA132 /* AFHTTPSessionManager.m */ = {isa = PBXFileReference; fileEncoding = 4; lastKnownFileType = sourcecode.c.objc; path = AFHTTPSessionManager.m; sourceTree = "<group>"; };
		34CCC2C21C4F729500FEA132 /* AFNetworking.h */ = {isa = PBXFileReference; fileEncoding = 4; lastKnownFileType = sourcecode.c.h; path = AFNetworking.h; sourceTree = "<group>"; };
		34CCC2C31C4F729500FEA132 /* AFNetworkReachabilityManager.h */ = {isa = PBXFileReference; fileEncoding = 4; lastKnownFileType = sourcecode.c.h; path = AFNetworkReachabilityManager.h; sourceTree = "<group>"; };
		34CCC2C41C4F729500FEA132 /* AFNetworkReachabilityManager.m */ = {isa = PBXFileReference; fileEncoding = 4; lastKnownFileType = sourcecode.c.objc; path = AFNetworkReachabilityManager.m; sourceTree = "<group>"; };
		34CCC2C51C4F729500FEA132 /* AFSecurityPolicy.h */ = {isa = PBXFileReference; fileEncoding = 4; lastKnownFileType = sourcecode.c.h; path = AFSecurityPolicy.h; sourceTree = "<group>"; };
		34CCC2C61C4F729500FEA132 /* AFSecurityPolicy.m */ = {isa = PBXFileReference; fileEncoding = 4; lastKnownFileType = sourcecode.c.objc; path = AFSecurityPolicy.m; sourceTree = "<group>"; };
		34CCC2C71C4F729500FEA132 /* AFURLConnectionOperation.h */ = {isa = PBXFileReference; fileEncoding = 4; lastKnownFileType = sourcecode.c.h; path = AFURLConnectionOperation.h; sourceTree = "<group>"; };
		34CCC2C81C4F729500FEA132 /* AFURLConnectionOperation.m */ = {isa = PBXFileReference; fileEncoding = 4; lastKnownFileType = sourcecode.c.objc; path = AFURLConnectionOperation.m; sourceTree = "<group>"; };
		34CCC2C91C4F729500FEA132 /* AFURLRequestSerialization.h */ = {isa = PBXFileReference; fileEncoding = 4; lastKnownFileType = sourcecode.c.h; path = AFURLRequestSerialization.h; sourceTree = "<group>"; };
		34CCC2CA1C4F729500FEA132 /* AFURLRequestSerialization.m */ = {isa = PBXFileReference; fileEncoding = 4; lastKnownFileType = sourcecode.c.objc; path = AFURLRequestSerialization.m; sourceTree = "<group>"; };
		34CCC2CB1C4F729500FEA132 /* AFURLResponseSerialization.h */ = {isa = PBXFileReference; fileEncoding = 4; lastKnownFileType = sourcecode.c.h; path = AFURLResponseSerialization.h; sourceTree = "<group>"; };
		34CCC2CC1C4F729500FEA132 /* AFURLResponseSerialization.m */ = {isa = PBXFileReference; fileEncoding = 4; lastKnownFileType = sourcecode.c.objc; path = AFURLResponseSerialization.m; sourceTree = "<group>"; };
		34CCC2CD1C4F729500FEA132 /* AFURLSessionManager.h */ = {isa = PBXFileReference; fileEncoding = 4; lastKnownFileType = sourcecode.c.h; path = AFURLSessionManager.h; sourceTree = "<group>"; };
		34CCC2CE1C4F729500FEA132 /* AFURLSessionManager.m */ = {isa = PBXFileReference; fileEncoding = 4; lastKnownFileType = sourcecode.c.objc; path = AFURLSessionManager.m; sourceTree = "<group>"; };
		34CCC2CF1C4F729500FEA132 /* Reachability.h */ = {isa = PBXFileReference; fileEncoding = 4; lastKnownFileType = sourcecode.c.h; path = Reachability.h; sourceTree = "<group>"; };
		34CCC2D01C4F729500FEA132 /* Reachability.m */ = {isa = PBXFileReference; fileEncoding = 4; lastKnownFileType = sourcecode.c.objc; path = Reachability.m; sourceTree = "<group>"; };
		34CCC2D21C4F729500FEA132 /* AFNetworkActivityIndicatorManager.h */ = {isa = PBXFileReference; fileEncoding = 4; lastKnownFileType = sourcecode.c.h; path = AFNetworkActivityIndicatorManager.h; sourceTree = "<group>"; };
		34CCC2D31C4F729500FEA132 /* AFNetworkActivityIndicatorManager.m */ = {isa = PBXFileReference; fileEncoding = 4; lastKnownFileType = sourcecode.c.objc; path = AFNetworkActivityIndicatorManager.m; sourceTree = "<group>"; };
		34CCC2D41C4F729500FEA132 /* UIActivityIndicatorView+AFNetworking.h */ = {isa = PBXFileReference; fileEncoding = 4; lastKnownFileType = sourcecode.c.h; path = "UIActivityIndicatorView+AFNetworking.h"; sourceTree = "<group>"; };
		34CCC2D51C4F729500FEA132 /* UIActivityIndicatorView+AFNetworking.m */ = {isa = PBXFileReference; fileEncoding = 4; lastKnownFileType = sourcecode.c.objc; path = "UIActivityIndicatorView+AFNetworking.m"; sourceTree = "<group>"; };
		34CCC2D61C4F729500FEA132 /* UIAlertView+AFNetworking.h */ = {isa = PBXFileReference; fileEncoding = 4; lastKnownFileType = sourcecode.c.h; path = "UIAlertView+AFNetworking.h"; sourceTree = "<group>"; };
		34CCC2D71C4F729500FEA132 /* UIAlertView+AFNetworking.m */ = {isa = PBXFileReference; fileEncoding = 4; lastKnownFileType = sourcecode.c.objc; path = "UIAlertView+AFNetworking.m"; sourceTree = "<group>"; };
		34CCC2D81C4F729500FEA132 /* UIButton+AFNetworking.h */ = {isa = PBXFileReference; fileEncoding = 4; lastKnownFileType = sourcecode.c.h; path = "UIButton+AFNetworking.h"; sourceTree = "<group>"; };
		34CCC2D91C4F729500FEA132 /* UIButton+AFNetworking.m */ = {isa = PBXFileReference; fileEncoding = 4; lastKnownFileType = sourcecode.c.objc; path = "UIButton+AFNetworking.m"; sourceTree = "<group>"; };
		34CCC2DA1C4F729500FEA132 /* UIImageView+AFNetworking.h */ = {isa = PBXFileReference; fileEncoding = 4; lastKnownFileType = sourcecode.c.h; path = "UIImageView+AFNetworking.h"; sourceTree = "<group>"; };
		34CCC2DB1C4F729500FEA132 /* UIImageView+AFNetworking.m */ = {isa = PBXFileReference; fileEncoding = 4; lastKnownFileType = sourcecode.c.objc; path = "UIImageView+AFNetworking.m"; sourceTree = "<group>"; };
		34CCC2DC1C4F729500FEA132 /* UIKit+AFNetworking.h */ = {isa = PBXFileReference; fileEncoding = 4; lastKnownFileType = sourcecode.c.h; path = "UIKit+AFNetworking.h"; sourceTree = "<group>"; };
		34CCC2DD1C4F729500FEA132 /* UIProgressView+AFNetworking.h */ = {isa = PBXFileReference; fileEncoding = 4; lastKnownFileType = sourcecode.c.h; path = "UIProgressView+AFNetworking.h"; sourceTree = "<group>"; };
		34CCC2DE1C4F729500FEA132 /* UIProgressView+AFNetworking.m */ = {isa = PBXFileReference; fileEncoding = 4; lastKnownFileType = sourcecode.c.objc; path = "UIProgressView+AFNetworking.m"; sourceTree = "<group>"; };
		34CCC2DF1C4F729500FEA132 /* UIRefreshControl+AFNetworking.h */ = {isa = PBXFileReference; fileEncoding = 4; lastKnownFileType = sourcecode.c.h; path = "UIRefreshControl+AFNetworking.h"; sourceTree = "<group>"; };
		34CCC2E01C4F729500FEA132 /* UIRefreshControl+AFNetworking.m */ = {isa = PBXFileReference; fileEncoding = 4; lastKnownFileType = sourcecode.c.objc; path = "UIRefreshControl+AFNetworking.m"; sourceTree = "<group>"; };
		34CCC2E11C4F729500FEA132 /* UIWebView+AFNetworking.h */ = {isa = PBXFileReference; fileEncoding = 4; lastKnownFileType = sourcecode.c.h; path = "UIWebView+AFNetworking.h"; sourceTree = "<group>"; };
		34CCC2E21C4F729500FEA132 /* UIWebView+AFNetworking.m */ = {isa = PBXFileReference; fileEncoding = 4; lastKnownFileType = sourcecode.c.objc; path = "UIWebView+AFNetworking.m"; sourceTree = "<group>"; };
		34CCC2F61C4F770C00FEA132 /* TrackModel.h */ = {isa = PBXFileReference; fileEncoding = 4; lastKnownFileType = sourcecode.c.h; path = TrackModel.h; sourceTree = "<group>"; };
		34CCC2F71C4F770C00FEA132 /* TrackModel.m */ = {isa = PBXFileReference; fileEncoding = 4; lastKnownFileType = sourcecode.c.objc; path = TrackModel.m; sourceTree = "<group>"; };
		34CCC2F91C4F77BA00FEA132 /* TrackModelManager.h */ = {isa = PBXFileReference; fileEncoding = 4; lastKnownFileType = sourcecode.c.h; path = TrackModelManager.h; sourceTree = "<group>"; };
		34CCC2FA1C4F77BA00FEA132 /* TrackModelManager.m */ = {isa = PBXFileReference; fileEncoding = 4; lastKnownFileType = sourcecode.c.objc; path = TrackModelManager.m; sourceTree = "<group>"; };
		34CCC2FC1C4F796D00FEA132 /* SJPlaylistViewController.h */ = {isa = PBXFileReference; fileEncoding = 4; lastKnownFileType = sourcecode.c.h; path = SJPlaylistViewController.h; sourceTree = "<group>"; };
		34CCC2FD1C4F796D00FEA132 /* SJPlaylistViewController.m */ = {isa = PBXFileReference; fileEncoding = 4; lastKnownFileType = sourcecode.c.objc; path = SJPlaylistViewController.m; sourceTree = "<group>"; };
		34CCC2FF1C4FABB400FEA132 /* Main.storyboard */ = {isa = PBXFileReference; fileEncoding = 4; lastKnownFileType = file.storyboard; path = Main.storyboard; sourceTree = "<group>"; };
		34D085F71C4CD2E700754D7F /* SJAudioStream.app */ = {isa = PBXFileReference; explicitFileType = wrapper.application; includeInIndex = 0; path = SJAudioStream.app; sourceTree = BUILT_PRODUCTS_DIR; };
		34D085FB1C4CD2E700754D7F /* main.m */ = {isa = PBXFileReference; lastKnownFileType = sourcecode.c.objc; path = main.m; sourceTree = "<group>"; };
		34D085FD1C4CD2E800754D7F /* AppDelegate.h */ = {isa = PBXFileReference; lastKnownFileType = sourcecode.c.h; path = AppDelegate.h; sourceTree = "<group>"; };
		34D085FE1C4CD2E800754D7F /* AppDelegate.m */ = {isa = PBXFileReference; lastKnownFileType = sourcecode.c.objc; path = AppDelegate.m; sourceTree = "<group>"; };
		34D086061C4CD2E800754D7F /* Assets.xcassets */ = {isa = PBXFileReference; lastKnownFileType = folder.assetcatalog; path = Assets.xcassets; sourceTree = "<group>"; };
		34D086091C4CD2E800754D7F /* Base */ = {isa = PBXFileReference; lastKnownFileType = file.storyboard; name = Base; path = Base.lproj/LaunchScreen.storyboard; sourceTree = "<group>"; };
		34D0860B1C4CD2E800754D7F /* Info.plist */ = {isa = PBXFileReference; lastKnownFileType = text.plist.xml; path = Info.plist; sourceTree = "<group>"; };
		34D086101C4CD2E800754D7F /* SJAudioStreamTests.xctest */ = {isa = PBXFileReference; explicitFileType = wrapper.cfbundle; includeInIndex = 0; path = SJAudioStreamTests.xctest; sourceTree = BUILT_PRODUCTS_DIR; };
		34D086141C4CD2E800754D7F /* SJAudioStreamTests.m */ = {isa = PBXFileReference; lastKnownFileType = sourcecode.c.objc; path = SJAudioStreamTests.m; sourceTree = "<group>"; };
		34D086161C4CD2E800754D7F /* Info.plist */ = {isa = PBXFileReference; lastKnownFileType = text.plist.xml; path = Info.plist; sourceTree = "<group>"; };
		34D0861B1C4CD2E800754D7F /* SJAudioStreamUITests.xctest */ = {isa = PBXFileReference; explicitFileType = wrapper.cfbundle; includeInIndex = 0; path = SJAudioStreamUITests.xctest; sourceTree = BUILT_PRODUCTS_DIR; };
		34D0861F1C4CD2E800754D7F /* SJAudioStreamUITests.m */ = {isa = PBXFileReference; lastKnownFileType = sourcecode.c.objc; path = SJAudioStreamUITests.m; sourceTree = "<group>"; };
		34D086211C4CD2E800754D7F /* Info.plist */ = {isa = PBXFileReference; lastKnownFileType = text.plist.xml; path = Info.plist; sourceTree = "<group>"; };
		34D086311C4CD4C100754D7F /* SJAudioSession.h */ = {isa = PBXFileReference; fileEncoding = 4; lastKnownFileType = sourcecode.c.h; path = SJAudioSession.h; sourceTree = "<group>"; };
		34D086321C4CD4C100754D7F /* SJAudioSession.m */ = {isa = PBXFileReference; fileEncoding = 4; lastKnownFileType = sourcecode.c.objc; path = SJAudioSession.m; sourceTree = "<group>"; };
		34D086331C4CD4C100754D7F /* SJAudioFile.h */ = {isa = PBXFileReference; fileEncoding = 4; lastKnownFileType = sourcecode.c.h; path = SJAudioFile.h; sourceTree = "<group>"; };
		34D086341C4CD4C100754D7F /* SJAudioFile.m */ = {isa = PBXFileReference; fileEncoding = 4; lastKnownFileType = sourcecode.c.objc; path = SJAudioFile.m; sourceTree = "<group>"; };
		34D086351C4CD4C100754D7F /* SJAudioFileStream.h */ = {isa = PBXFileReference; fileEncoding = 4; lastKnownFileType = sourcecode.c.h; path = SJAudioFileStream.h; sourceTree = "<group>"; };
		34D086361C4CD4C100754D7F /* SJAudioFileStream.m */ = {isa = PBXFileReference; fileEncoding = 4; lastKnownFileType = sourcecode.c.objc; path = SJAudioFileStream.m; sourceTree = "<group>"; };
		34D086371C4CD4C100754D7F /* SJAudioOutputQueue.h */ = {isa = PBXFileReference; fileEncoding = 4; lastKnownFileType = sourcecode.c.h; path = SJAudioOutputQueue.h; sourceTree = "<group>"; };
		34D086381C4CD4C100754D7F /* SJAudioOutputQueue.m */ = {isa = PBXFileReference; fileEncoding = 4; lastKnownFileType = sourcecode.c.objc; path = SJAudioOutputQueue.m; sourceTree = "<group>"; };
		34D086391C4CD4C100754D7F /* SJParsedAudioData.h */ = {isa = PBXFileReference; fileEncoding = 4; lastKnownFileType = sourcecode.c.h; path = SJParsedAudioData.h; sourceTree = "<group>"; };
		34D0863A1C4CD4C100754D7F /* SJParsedAudioData.m */ = {isa = PBXFileReference; fileEncoding = 4; lastKnownFileType = sourcecode.c.objc; path = SJParsedAudioData.m; sourceTree = "<group>"; };
		34D0863B1C4CD4C100754D7F /* SJAudioBuffer.h */ = {isa = PBXFileReference; fileEncoding = 4; lastKnownFileType = sourcecode.c.h; path = SJAudioBuffer.h; sourceTree = "<group>"; };
		34D0863C1C4CD4C100754D7F /* SJAudioBuffer.m */ = {isa = PBXFileReference; fileEncoding = 4; lastKnownFileType = sourcecode.c.objc; path = SJAudioBuffer.m; sourceTree = "<group>"; };
		34D0863D1C4CD4C100754D7F /* SJAudioPlayer.h */ = {isa = PBXFileReference; fileEncoding = 4; lastKnownFileType = sourcecode.c.h; path = SJAudioPlayer.h; sourceTree = "<group>"; };
		34D0863E1C4CD4C100754D7F /* SJAudioPlayer.m */ = {isa = PBXFileReference; fileEncoding = 4; lastKnownFileType = sourcecode.c.objc; path = SJAudioPlayer.m; sourceTree = "<group>"; };
		34D086471C4CD4F200754D7F /* dj.m4p */ = {isa = PBXFileReference; lastKnownFileType = file; path = dj.m4p; sourceTree = "<group>"; };
		34D086481C4CD4F200754D7F /* CAFSample.caf */ = {isa = PBXFileReference; lastKnownFileType = file; path = CAFSample.caf; sourceTree = "<group>"; };
		34D086491C4CD4F200754D7F /* M4ASample.m4a */ = {isa = PBXFileReference; lastKnownFileType = file; path = M4ASample.m4a; sourceTree = "<group>"; };
		34D0864A1C4CD4F200754D7F /* MP3Sample.mp3 */ = {isa = PBXFileReference; lastKnownFileType = audio.mp3; path = MP3Sample.mp3; sourceTree = "<group>"; };
/* End PBXFileReference section */

/* Begin PBXFrameworksBuildPhase section */
		34D085F41C4CD2E700754D7F /* Frameworks */ = {
			isa = PBXFrameworksBuildPhase;
			buildActionMask = 2147483647;
			files = (
			);
			runOnlyForDeploymentPostprocessing = 0;
		};
		34D0860D1C4CD2E800754D7F /* Frameworks */ = {
			isa = PBXFrameworksBuildPhase;
			buildActionMask = 2147483647;
			files = (
			);
			runOnlyForDeploymentPostprocessing = 0;
		};
		34D086181C4CD2E800754D7F /* Frameworks */ = {
			isa = PBXFrameworksBuildPhase;
			buildActionMask = 2147483647;
			files = (
			);
			runOnlyForDeploymentPostprocessing = 0;
		};
/* End PBXFrameworksBuildPhase section */

/* Begin PBXGroup section */
		34CCC2971C4F6FC500FEA132 /* controller */ = {
			isa = PBXGroup;
			children = (
				34CCC2AB1C4F70EA00FEA132 /* SJTabBarViewController.h */,
				34CCC2AC1C4F70EA00FEA132 /* SJTabBarViewController.m */,
				34CCC2FC1C4F796D00FEA132 /* SJPlaylistViewController.h */,
				34CCC2FD1C4F796D00FEA132 /* SJPlaylistViewController.m */,
				34CCC2AD1C4F70EA00FEA132 /* ViewController.h */,
				34CCC2AE1C4F70EA00FEA132 /* ViewController.m */,
			);
			path = controller;
			sourceTree = "<group>";
		};
		34CCC2981C4F6FCE00FEA132 /* model */ = {
			isa = PBXGroup;
			children = (
				34CCC2F61C4F770C00FEA132 /* TrackModel.h */,
				34CCC2F71C4F770C00FEA132 /* TrackModel.m */,
				34CCC2F91C4F77BA00FEA132 /* TrackModelManager.h */,
				34CCC2FA1C4F77BA00FEA132 /* TrackModelManager.m */,
			);
			path = model;
			sourceTree = "<group>";
		};
		34CCC2991C4F6FD700FEA132 /* view */ = {
			isa = PBXGroup;
			children = (
				34CCC29F1C4F704600FEA132 /* SJMusicPlayerBar.h */,
				34CCC2A01C4F704600FEA132 /* SJMusicPlayerBar.m */,
				34CCC2A11C4F704600FEA132 /* SJMusicPlayerBar.xib */,
			);
			path = view;
			sourceTree = "<group>";
		};
		34CCC2B31C4F71DF00FEA132 /* tool */ = {
			isa = PBXGroup;
			children = (
				34CCC2B41C4F71DF00FEA132 /* SJHeaderFile.h */,
				34CCC2B51C4F71DF00FEA132 /* UIView+LoadNib.h */,
				34CCC2B61C4F71DF00FEA132 /* UIView+LoadNib.m */,
				34CCC2B81C4F729500FEA132 /* AFN */,
			);
			path = tool;
			sourceTree = "<group>";
		};
		34CCC2B81C4F729500FEA132 /* AFN */ = {
			isa = PBXGroup;
			children = (
				34CCC2B91C4F729500FEA132 /* AFNetworking */,
				34CCC2CF1C4F729500FEA132 /* Reachability.h */,
				34CCC2D01C4F729500FEA132 /* Reachability.m */,
				34CCC2D11C4F729500FEA132 /* UIKit+AFNetworking */,
			);
			path = AFN;
			sourceTree = "<group>";
		};
		34CCC2B91C4F729500FEA132 /* AFNetworking */ = {
			isa = PBXGroup;
			children = (
				34CCC2BA1C4F729500FEA132 /* AFDownloadRequestOperation.h */,
				34CCC2BB1C4F729500FEA132 /* AFDownloadRequestOperation.m */,
				34CCC2BC1C4F729500FEA132 /* AFHTTPRequestOperation.h */,
				34CCC2BD1C4F729500FEA132 /* AFHTTPRequestOperation.m */,
				34CCC2BE1C4F729500FEA132 /* AFHTTPRequestOperationManager.h */,
				34CCC2BF1C4F729500FEA132 /* AFHTTPRequestOperationManager.m */,
				34CCC2C01C4F729500FEA132 /* AFHTTPSessionManager.h */,
				34CCC2C11C4F729500FEA132 /* AFHTTPSessionManager.m */,
				34CCC2C21C4F729500FEA132 /* AFNetworking.h */,
				34CCC2C31C4F729500FEA132 /* AFNetworkReachabilityManager.h */,
				34CCC2C41C4F729500FEA132 /* AFNetworkReachabilityManager.m */,
				34CCC2C51C4F729500FEA132 /* AFSecurityPolicy.h */,
				34CCC2C61C4F729500FEA132 /* AFSecurityPolicy.m */,
				34CCC2C71C4F729500FEA132 /* AFURLConnectionOperation.h */,
				34CCC2C81C4F729500FEA132 /* AFURLConnectionOperation.m */,
				34CCC2C91C4F729500FEA132 /* AFURLRequestSerialization.h */,
				34CCC2CA1C4F729500FEA132 /* AFURLRequestSerialization.m */,
				34CCC2CB1C4F729500FEA132 /* AFURLResponseSerialization.h */,
				34CCC2CC1C4F729500FEA132 /* AFURLResponseSerialization.m */,
				34CCC2CD1C4F729500FEA132 /* AFURLSessionManager.h */,
				34CCC2CE1C4F729500FEA132 /* AFURLSessionManager.m */,
			);
			path = AFNetworking;
			sourceTree = "<group>";
		};
		34CCC2D11C4F729500FEA132 /* UIKit+AFNetworking */ = {
			isa = PBXGroup;
			children = (
				34CCC2D21C4F729500FEA132 /* AFNetworkActivityIndicatorManager.h */,
				34CCC2D31C4F729500FEA132 /* AFNetworkActivityIndicatorManager.m */,
				34CCC2D41C4F729500FEA132 /* UIActivityIndicatorView+AFNetworking.h */,
				34CCC2D51C4F729500FEA132 /* UIActivityIndicatorView+AFNetworking.m */,
				34CCC2D61C4F729500FEA132 /* UIAlertView+AFNetworking.h */,
				34CCC2D71C4F729500FEA132 /* UIAlertView+AFNetworking.m */,
				34CCC2D81C4F729500FEA132 /* UIButton+AFNetworking.h */,
				34CCC2D91C4F729500FEA132 /* UIButton+AFNetworking.m */,
				34CCC2DA1C4F729500FEA132 /* UIImageView+AFNetworking.h */,
				34CCC2DB1C4F729500FEA132 /* UIImageView+AFNetworking.m */,
				34CCC2DC1C4F729500FEA132 /* UIKit+AFNetworking.h */,
				34CCC2DD1C4F729500FEA132 /* UIProgressView+AFNetworking.h */,
				34CCC2DE1C4F729500FEA132 /* UIProgressView+AFNetworking.m */,
				34CCC2DF1C4F729500FEA132 /* UIRefreshControl+AFNetworking.h */,
				34CCC2E01C4F729500FEA132 /* UIRefreshControl+AFNetworking.m */,
				34CCC2E11C4F729500FEA132 /* UIWebView+AFNetworking.h */,
				34CCC2E21C4F729500FEA132 /* UIWebView+AFNetworking.m */,
			);
			path = "UIKit+AFNetworking";
			sourceTree = "<group>";
		};
		34D085EE1C4CD2E700754D7F = {
			isa = PBXGroup;
			children = (
				34D085F91C4CD2E700754D7F /* SJAudioStream */,
				34D086131C4CD2E800754D7F /* SJAudioStreamTests */,
				34D0861E1C4CD2E800754D7F /* SJAudioStreamUITests */,
				34D085F81C4CD2E700754D7F /* Products */,
			);
			sourceTree = "<group>";
		};
		34D085F81C4CD2E700754D7F /* Products */ = {
			isa = PBXGroup;
			children = (
				34D085F71C4CD2E700754D7F /* SJAudioStream.app */,
				34D086101C4CD2E800754D7F /* SJAudioStreamTests.xctest */,
				34D0861B1C4CD2E800754D7F /* SJAudioStreamUITests.xctest */,
			);
			name = Products;
			sourceTree = "<group>";
		};
		34D085F91C4CD2E700754D7F /* SJAudioStream */ = {
			isa = PBXGroup;
			children = (
				34D086461C4CD4E800754D7F /* resource */,
				34D086301C4CD4AE00754D7F /* audiostream */,
				34D085FD1C4CD2E800754D7F /* AppDelegate.h */,
				34D085FE1C4CD2E800754D7F /* AppDelegate.m */,
				34CCC2FF1C4FABB400FEA132 /* Main.storyboard */,
				34CCC2B31C4F71DF00FEA132 /* tool */,
				34CCC2991C4F6FD700FEA132 /* view */,
				34CCC2981C4F6FCE00FEA132 /* model */,
				34CCC2971C4F6FC500FEA132 /* controller */,
				34D086061C4CD2E800754D7F /* Assets.xcassets */,
				34D086081C4CD2E800754D7F /* LaunchScreen.storyboard */,
				34D0860B1C4CD2E800754D7F /* Info.plist */,
				34D085FA1C4CD2E700754D7F /* Supporting Files */,
			);
			path = SJAudioStream;
			sourceTree = "<group>";
		};
		34D085FA1C4CD2E700754D7F /* Supporting Files */ = {
			isa = PBXGroup;
			children = (
				34D085FB1C4CD2E700754D7F /* main.m */,
			);
			name = "Supporting Files";
			sourceTree = "<group>";
		};
		34D086131C4CD2E800754D7F /* SJAudioStreamTests */ = {
			isa = PBXGroup;
			children = (
				34D086141C4CD2E800754D7F /* SJAudioStreamTests.m */,
				34D086161C4CD2E800754D7F /* Info.plist */,
			);
			path = SJAudioStreamTests;
			sourceTree = "<group>";
		};
		34D0861E1C4CD2E800754D7F /* SJAudioStreamUITests */ = {
			isa = PBXGroup;
			children = (
				34D0861F1C4CD2E800754D7F /* SJAudioStreamUITests.m */,
				34D086211C4CD2E800754D7F /* Info.plist */,
			);
			path = SJAudioStreamUITests;
			sourceTree = "<group>";
		};
		34D086301C4CD4AE00754D7F /* audiostream */ = {
			isa = PBXGroup;
			children = (
				34D086311C4CD4C100754D7F /* SJAudioSession.h */,
				34D086321C4CD4C100754D7F /* SJAudioSession.m */,
				34D086331C4CD4C100754D7F /* SJAudioFile.h */,
				34D086341C4CD4C100754D7F /* SJAudioFile.m */,
				34D086351C4CD4C100754D7F /* SJAudioFileStream.h */,
				34D086361C4CD4C100754D7F /* SJAudioFileStream.m */,
				34D086371C4CD4C100754D7F /* SJAudioOutputQueue.h */,
				34D086381C4CD4C100754D7F /* SJAudioOutputQueue.m */,
				34D086391C4CD4C100754D7F /* SJParsedAudioData.h */,
				34D0863A1C4CD4C100754D7F /* SJParsedAudioData.m */,
				34D0863B1C4CD4C100754D7F /* SJAudioBuffer.h */,
				34D0863C1C4CD4C100754D7F /* SJAudioBuffer.m */,
				34D0863D1C4CD4C100754D7F /* SJAudioPlayer.h */,
				34D0863E1C4CD4C100754D7F /* SJAudioPlayer.m */,
				3494293E1C5113D4003542A0 /* SJHTTPStream.h */,
				3494293F1C5113D4003542A0 /* SJHTTPStream.m */,
				34412FBE1C9ED23D00E27936 /* SJAudioNetWorkControl.h */,
				34412FBF1C9ED23D00E27936 /* SJAudioNetWorkControl.m */,
			);
			path = audiostream;
			sourceTree = "<group>";
		};
		34D086461C4CD4E800754D7F /* resource */ = {
			isa = PBXGroup;
			children = (
				34D086471C4CD4F200754D7F /* dj.m4p */,
				34D086481C4CD4F200754D7F /* CAFSample.caf */,
				34D086491C4CD4F200754D7F /* M4ASample.m4a */,
				34D0864A1C4CD4F200754D7F /* MP3Sample.mp3 */,
			);
			path = resource;
			sourceTree = "<group>";
		};
/* End PBXGroup section */

/* Begin PBXNativeTarget section */
		34D085F61C4CD2E700754D7F /* SJAudioStream */ = {
			isa = PBXNativeTarget;
			buildConfigurationList = 34D086241C4CD2E800754D7F /* Build configuration list for PBXNativeTarget "SJAudioStream" */;
			buildPhases = (
				34D085F31C4CD2E700754D7F /* Sources */,
				34D085F41C4CD2E700754D7F /* Frameworks */,
				34D085F51C4CD2E700754D7F /* Resources */,
			);
			buildRules = (
			);
			dependencies = (
			);
			name = SJAudioStream;
			productName = SJAudioStream;
			productReference = 34D085F71C4CD2E700754D7F /* SJAudioStream.app */;
			productType = "com.apple.product-type.application";
		};
		34D0860F1C4CD2E800754D7F /* SJAudioStreamTests */ = {
			isa = PBXNativeTarget;
			buildConfigurationList = 34D086271C4CD2E800754D7F /* Build configuration list for PBXNativeTarget "SJAudioStreamTests" */;
			buildPhases = (
				34D0860C1C4CD2E800754D7F /* Sources */,
				34D0860D1C4CD2E800754D7F /* Frameworks */,
				34D0860E1C4CD2E800754D7F /* Resources */,
			);
			buildRules = (
			);
			dependencies = (
				34D086121C4CD2E800754D7F /* PBXTargetDependency */,
			);
			name = SJAudioStreamTests;
			productName = SJAudioStreamTests;
			productReference = 34D086101C4CD2E800754D7F /* SJAudioStreamTests.xctest */;
			productType = "com.apple.product-type.bundle.unit-test";
		};
		34D0861A1C4CD2E800754D7F /* SJAudioStreamUITests */ = {
			isa = PBXNativeTarget;
			buildConfigurationList = 34D0862A1C4CD2E800754D7F /* Build configuration list for PBXNativeTarget "SJAudioStreamUITests" */;
			buildPhases = (
				34D086171C4CD2E800754D7F /* Sources */,
				34D086181C4CD2E800754D7F /* Frameworks */,
				34D086191C4CD2E800754D7F /* Resources */,
			);
			buildRules = (
			);
			dependencies = (
				34D0861D1C4CD2E800754D7F /* PBXTargetDependency */,
			);
			name = SJAudioStreamUITests;
			productName = SJAudioStreamUITests;
			productReference = 34D0861B1C4CD2E800754D7F /* SJAudioStreamUITests.xctest */;
			productType = "com.apple.product-type.bundle.ui-testing";
		};
/* End PBXNativeTarget section */

/* Begin PBXProject section */
		34D085EF1C4CD2E700754D7F /* Project object */ = {
			isa = PBXProject;
			attributes = {
				LastUpgradeCheck = 0720;
				ORGANIZATIONNAME = "张诗健";
				TargetAttributes = {
					34D085F61C4CD2E700754D7F = {
						CreatedOnToolsVersion = 7.2;
						SystemCapabilities = {
							com.apple.BackgroundModes = {
								enabled = 1;
							};
						};
					};
					34D0860F1C4CD2E800754D7F = {
						CreatedOnToolsVersion = 7.2;
						TestTargetID = 34D085F61C4CD2E700754D7F;
					};
					34D0861A1C4CD2E800754D7F = {
						CreatedOnToolsVersion = 7.2;
						TestTargetID = 34D085F61C4CD2E700754D7F;
					};
				};
			};
			buildConfigurationList = 34D085F21C4CD2E700754D7F /* Build configuration list for PBXProject "SJAudioStream" */;
			compatibilityVersion = "Xcode 3.2";
			developmentRegion = English;
			hasScannedForEncodings = 0;
			knownRegions = (
				en,
				Base,
			);
			mainGroup = 34D085EE1C4CD2E700754D7F;
			productRefGroup = 34D085F81C4CD2E700754D7F /* Products */;
			projectDirPath = "";
			projectRoot = "";
			targets = (
				34D085F61C4CD2E700754D7F /* SJAudioStream */,
				34D0860F1C4CD2E800754D7F /* SJAudioStreamTests */,
				34D0861A1C4CD2E800754D7F /* SJAudioStreamUITests */,
			);
		};
/* End PBXProject section */

/* Begin PBXResourcesBuildPhase section */
		34D085F51C4CD2E700754D7F /* Resources */ = {
			isa = PBXResourcesBuildPhase;
			buildActionMask = 2147483647;
			files = (
				34CCC3001C4FABB400FEA132 /* Main.storyboard in Resources */,
				34D0860A1C4CD2E800754D7F /* LaunchScreen.storyboard in Resources */,
				34D086071C4CD2E800754D7F /* Assets.xcassets in Resources */,
				34D0864D1C4CD4F200754D7F /* M4ASample.m4a in Resources */,
				34D0864E1C4CD4F200754D7F /* MP3Sample.mp3 in Resources */,
				34D0864C1C4CD4F200754D7F /* CAFSample.caf in Resources */,
				34D0864B1C4CD4F200754D7F /* dj.m4p in Resources */,
			);
			runOnlyForDeploymentPostprocessing = 0;
		};
		34D0860E1C4CD2E800754D7F /* Resources */ = {
			isa = PBXResourcesBuildPhase;
			buildActionMask = 2147483647;
			files = (
			);
			runOnlyForDeploymentPostprocessing = 0;
		};
		34D086191C4CD2E800754D7F /* Resources */ = {
			isa = PBXResourcesBuildPhase;
			buildActionMask = 2147483647;
			files = (
			);
			runOnlyForDeploymentPostprocessing = 0;
		};
/* End PBXResourcesBuildPhase section */

/* Begin PBXSourcesBuildPhase section */
		34D085F31C4CD2E700754D7F /* Sources */ = {
			isa = PBXSourcesBuildPhase;
			buildActionMask = 2147483647;
			files = (
				34CCC2B11C4F716D00FEA132 /* SJMusicPlayerBar.m in Sources */,
				34D085FF1C4CD2E800754D7F /* AppDelegate.m in Sources */,
				34CCC2F11C4F729500FEA132 /* UIButton+AFNetworking.m in Sources */,
				34D0863F1C4CD4C100754D7F /* SJAudioSession.m in Sources */,
				34CCC2F51C4F729500FEA132 /* UIWebView+AFNetworking.m in Sources */,
				34CCC2F31C4F729500FEA132 /* UIProgressView+AFNetworking.m in Sources */,
				34D086411C4CD4C100754D7F /* SJAudioFileStream.m in Sources */,
				34CCC2EB1C4F729500FEA132 /* AFURLResponseSerialization.m in Sources */,
				34CCC2F21C4F729500FEA132 /* UIImageView+AFNetworking.m in Sources */,
				34CCC2E91C4F729500FEA132 /* AFURLConnectionOperation.m in Sources */,
				34D086401C4CD4C100754D7F /* SJAudioFile.m in Sources */,
				34D085FC1C4CD2E700754D7F /* main.m in Sources */,
				34CCC2E51C4F729500FEA132 /* AFHTTPRequestOperationManager.m in Sources */,
				34CCC2B01C4F70EA00FEA132 /* ViewController.m in Sources */,
				34CCC2F81C4F770C00FEA132 /* TrackModel.m in Sources */,
				34CCC2ED1C4F729500FEA132 /* Reachability.m in Sources */,
				34CCC2E81C4F729500FEA132 /* AFSecurityPolicy.m in Sources */,
				34CCC2EF1C4F729500FEA132 /* UIActivityIndicatorView+AFNetworking.m in Sources */,
				34412FC01C9ED23D00E27936 /* SJAudioNetWorkControl.m in Sources */,
				34D086441C4CD4C100754D7F /* SJAudioBuffer.m in Sources */,
				34CCC2B71C4F71DF00FEA132 /* UIView+LoadNib.m in Sources */,
				34CCC2EA1C4F729500FEA132 /* AFURLRequestSerialization.m in Sources */,
				34CCC2E71C4F729500FEA132 /* AFNetworkReachabilityManager.m in Sources */,
				349429401C5113D4003542A0 /* SJHTTPStream.m in Sources */,
				34D086431C4CD4C100754D7F /* SJParsedAudioData.m in Sources */,
				34CCC2FB1C4F77BA00FEA132 /* TrackModelManager.m in Sources */,
				34CCC2E31C4F729500FEA132 /* AFDownloadRequestOperation.m in Sources */,
				34D086451C4CD4C100754D7F /* SJAudioPlayer.m in Sources */,
				34CCC2FE1C4F796D00FEA132 /* SJPlaylistViewController.m in Sources */,
				34CCC2E41C4F729500FEA132 /* AFHTTPRequestOperation.m in Sources */,
				34CCC2F41C4F729500FEA132 /* UIRefreshControl+AFNetworking.m in Sources */,
				34CCC2F01C4F729500FEA132 /* UIAlertView+AFNetworking.m in Sources */,
				34D086421C4CD4C100754D7F /* SJAudioOutputQueue.m in Sources */,
				34CCC2E61C4F729500FEA132 /* AFHTTPSessionManager.m in Sources */,
				34CCC2AF1C4F70EA00FEA132 /* SJTabBarViewController.m in Sources */,
				34CCC2EC1C4F729500FEA132 /* AFURLSessionManager.m in Sources */,
				34CCC2EE1C4F729500FEA132 /* AFNetworkActivityIndicatorManager.m in Sources */,
			);
			runOnlyForDeploymentPostprocessing = 0;
		};
		34D0860C1C4CD2E800754D7F /* Sources */ = {
			isa = PBXSourcesBuildPhase;
			buildActionMask = 2147483647;
			files = (
				34D086151C4CD2E800754D7F /* SJAudioStreamTests.m in Sources */,
			);
			runOnlyForDeploymentPostprocessing = 0;
		};
		34D086171C4CD2E800754D7F /* Sources */ = {
			isa = PBXSourcesBuildPhase;
			buildActionMask = 2147483647;
			files = (
				34D086201C4CD2E800754D7F /* SJAudioStreamUITests.m in Sources */,
			);
			runOnlyForDeploymentPostprocessing = 0;
		};
/* End PBXSourcesBuildPhase section */

/* Begin PBXTargetDependency section */
		34D086121C4CD2E800754D7F /* PBXTargetDependency */ = {
			isa = PBXTargetDependency;
			target = 34D085F61C4CD2E700754D7F /* SJAudioStream */;
			targetProxy = 34D086111C4CD2E800754D7F /* PBXContainerItemProxy */;
		};
		34D0861D1C4CD2E800754D7F /* PBXTargetDependency */ = {
			isa = PBXTargetDependency;
			target = 34D085F61C4CD2E700754D7F /* SJAudioStream */;
			targetProxy = 34D0861C1C4CD2E800754D7F /* PBXContainerItemProxy */;
		};
/* End PBXTargetDependency section */

/* Begin PBXVariantGroup section */
		34D086081C4CD2E800754D7F /* LaunchScreen.storyboard */ = {
			isa = PBXVariantGroup;
			children = (
				34D086091C4CD2E800754D7F /* Base */,
			);
			name = LaunchScreen.storyboard;
			sourceTree = "<group>";
		};
/* End PBXVariantGroup section */

/* Begin XCBuildConfiguration section */
		34D086221C4CD2E800754D7F /* Debug */ = {
			isa = XCBuildConfiguration;
			buildSettings = {
				ALWAYS_SEARCH_USER_PATHS = NO;
				CLANG_CXX_LANGUAGE_STANDARD = "gnu++0x";
				CLANG_CXX_LIBRARY = "libc++";
				CLANG_ENABLE_MODULES = YES;
				CLANG_ENABLE_OBJC_ARC = YES;
				CLANG_WARN_BOOL_CONVERSION = YES;
				CLANG_WARN_CONSTANT_CONVERSION = YES;
				CLANG_WARN_DIRECT_OBJC_ISA_USAGE = YES_ERROR;
				CLANG_WARN_EMPTY_BODY = YES;
				CLANG_WARN_ENUM_CONVERSION = YES;
				CLANG_WARN_INT_CONVERSION = YES;
				CLANG_WARN_OBJC_ROOT_CLASS = YES_ERROR;
				CLANG_WARN_UNREACHABLE_CODE = YES;
				CLANG_WARN__DUPLICATE_METHOD_MATCH = YES;
				"CODE_SIGN_IDENTITY[sdk=iphoneos*]" = "iPhone Developer";
				COPY_PHASE_STRIP = NO;
				DEBUG_INFORMATION_FORMAT = dwarf;
				ENABLE_STRICT_OBJC_MSGSEND = YES;
				ENABLE_TESTABILITY = YES;
				GCC_C_LANGUAGE_STANDARD = gnu99;
				GCC_DYNAMIC_NO_PIC = NO;
				GCC_NO_COMMON_BLOCKS = YES;
				GCC_OPTIMIZATION_LEVEL = 0;
				GCC_PREPROCESSOR_DEFINITIONS = (
					"DEBUG=1",
					"$(inherited)",
				);
				GCC_WARN_64_TO_32_BIT_CONVERSION = YES;
				GCC_WARN_ABOUT_RETURN_TYPE = YES_ERROR;
				GCC_WARN_UNDECLARED_SELECTOR = YES;
				GCC_WARN_UNINITIALIZED_AUTOS = YES_AGGRESSIVE;
				GCC_WARN_UNUSED_FUNCTION = YES;
				GCC_WARN_UNUSED_VARIABLE = YES;
				IPHONEOS_DEPLOYMENT_TARGET = 9.2;
				MTL_ENABLE_DEBUG_INFO = YES;
				ONLY_ACTIVE_ARCH = YES;
				SDKROOT = iphoneos;
				TARGETED_DEVICE_FAMILY = "1,2";
			};
			name = Debug;
		};
		34D086231C4CD2E800754D7F /* Release */ = {
			isa = XCBuildConfiguration;
			buildSettings = {
				ALWAYS_SEARCH_USER_PATHS = NO;
				CLANG_CXX_LANGUAGE_STANDARD = "gnu++0x";
				CLANG_CXX_LIBRARY = "libc++";
				CLANG_ENABLE_MODULES = YES;
				CLANG_ENABLE_OBJC_ARC = YES;
				CLANG_WARN_BOOL_CONVERSION = YES;
				CLANG_WARN_CONSTANT_CONVERSION = YES;
				CLANG_WARN_DIRECT_OBJC_ISA_USAGE = YES_ERROR;
				CLANG_WARN_EMPTY_BODY = YES;
				CLANG_WARN_ENUM_CONVERSION = YES;
				CLANG_WARN_INT_CONVERSION = YES;
				CLANG_WARN_OBJC_ROOT_CLASS = YES_ERROR;
				CLANG_WARN_UNREACHABLE_CODE = YES;
				CLANG_WARN__DUPLICATE_METHOD_MATCH = YES;
				"CODE_SIGN_IDENTITY[sdk=iphoneos*]" = "iPhone Developer";
				COPY_PHASE_STRIP = NO;
				DEBUG_INFORMATION_FORMAT = "dwarf-with-dsym";
				ENABLE_NS_ASSERTIONS = NO;
				ENABLE_STRICT_OBJC_MSGSEND = YES;
				GCC_C_LANGUAGE_STANDARD = gnu99;
				GCC_NO_COMMON_BLOCKS = YES;
				GCC_WARN_64_TO_32_BIT_CONVERSION = YES;
				GCC_WARN_ABOUT_RETURN_TYPE = YES_ERROR;
				GCC_WARN_UNDECLARED_SELECTOR = YES;
				GCC_WARN_UNINITIALIZED_AUTOS = YES_AGGRESSIVE;
				GCC_WARN_UNUSED_FUNCTION = YES;
				GCC_WARN_UNUSED_VARIABLE = YES;
				IPHONEOS_DEPLOYMENT_TARGET = 9.2;
				MTL_ENABLE_DEBUG_INFO = NO;
				SDKROOT = iphoneos;
				TARGETED_DEVICE_FAMILY = "1,2";
				VALIDATE_PRODUCT = YES;
			};
			name = Release;
		};
		34D086251C4CD2E800754D7F /* Debug */ = {
			isa = XCBuildConfiguration;
			buildSettings = {
				ASSETCATALOG_COMPILER_APPICON_NAME = AppIcon;
				INFOPLIST_FILE = SJAudioStream/Info.plist;
				IPHONEOS_DEPLOYMENT_TARGET = 6.0;
				LD_RUNPATH_SEARCH_PATHS = "$(inherited) @executable_path/Frameworks";
				PRODUCT_BUNDLE_IDENTIFIER = com.shijian.audioStream.SJAudioStream;
				PRODUCT_NAME = "$(TARGET_NAME)";
			};
			name = Debug;
		};
		34D086261C4CD2E800754D7F /* Release */ = {
			isa = XCBuildConfiguration;
			buildSettings = {
				ASSETCATALOG_COMPILER_APPICON_NAME = AppIcon;
				INFOPLIST_FILE = SJAudioStream/Info.plist;
				IPHONEOS_DEPLOYMENT_TARGET = 6.0;
				LD_RUNPATH_SEARCH_PATHS = "$(inherited) @executable_path/Frameworks";
				PRODUCT_BUNDLE_IDENTIFIER = com.shijian.audioStream.SJAudioStream;
				PRODUCT_NAME = "$(TARGET_NAME)";
			};
			name = Release;
		};
		34D086281C4CD2E800754D7F /* Debug */ = {
			isa = XCBuildConfiguration;
			buildSettings = {
				BUNDLE_LOADER = "$(TEST_HOST)";
				INFOPLIST_FILE = SJAudioStreamTests/Info.plist;
				LD_RUNPATH_SEARCH_PATHS = "$(inherited) @executable_path/Frameworks @loader_path/Frameworks";
				PRODUCT_BUNDLE_IDENTIFIER = com.shijian.audioStream.SJAudioStreamTests;
				PRODUCT_NAME = "$(TARGET_NAME)";
				TEST_HOST = "$(BUILT_PRODUCTS_DIR)/SJAudioStream.app/SJAudioStream";
			};
			name = Debug;
		};
		34D086291C4CD2E800754D7F /* Release */ = {
			isa = XCBuildConfiguration;
			buildSettings = {
				BUNDLE_LOADER = "$(TEST_HOST)";
				INFOPLIST_FILE = SJAudioStreamTests/Info.plist;
				LD_RUNPATH_SEARCH_PATHS = "$(inherited) @executable_path/Frameworks @loader_path/Frameworks";
				PRODUCT_BUNDLE_IDENTIFIER = com.shijian.audioStream.SJAudioStreamTests;
				PRODUCT_NAME = "$(TARGET_NAME)";
				TEST_HOST = "$(BUILT_PRODUCTS_DIR)/SJAudioStream.app/SJAudioStream";
			};
			name = Release;
		};
		34D0862B1C4CD2E800754D7F /* Debug */ = {
			isa = XCBuildConfiguration;
			buildSettings = {
				INFOPLIST_FILE = SJAudioStreamUITests/Info.plist;
				LD_RUNPATH_SEARCH_PATHS = "$(inherited) @executable_path/Frameworks @loader_path/Frameworks";
				PRODUCT_BUNDLE_IDENTIFIER = com.shijian.audioStream.SJAudioStreamUITests;
				PRODUCT_NAME = "$(TARGET_NAME)";
				TEST_TARGET_NAME = SJAudioStream;
				USES_XCTRUNNER = YES;
			};
			name = Debug;
		};
		34D0862C1C4CD2E800754D7F /* Release */ = {
			isa = XCBuildConfiguration;
			buildSettings = {
				INFOPLIST_FILE = SJAudioStreamUITests/Info.plist;
				LD_RUNPATH_SEARCH_PATHS = "$(inherited) @executable_path/Frameworks @loader_path/Frameworks";
				PRODUCT_BUNDLE_IDENTIFIER = com.shijian.audioStream.SJAudioStreamUITests;
				PRODUCT_NAME = "$(TARGET_NAME)";
				TEST_TARGET_NAME = SJAudioStream;
				USES_XCTRUNNER = YES;
			};
			name = Release;
		};
/* End XCBuildConfiguration section */

/* Begin XCConfigurationList section */
		34D085F21C4CD2E700754D7F /* Build configuration list for PBXProject "SJAudioStream" */ = {
			isa = XCConfigurationList;
			buildConfigurations = (
				34D086221C4CD2E800754D7F /* Debug */,
				34D086231C4CD2E800754D7F /* Release */,
			);
			defaultConfigurationIsVisible = 0;
			defaultConfigurationName = Release;
		};
		34D086241C4CD2E800754D7F /* Build configuration list for PBXNativeTarget "SJAudioStream" */ = {
			isa = XCConfigurationList;
			buildConfigurations = (
				34D086251C4CD2E800754D7F /* Debug */,
				34D086261C4CD2E800754D7F /* Release */,
			);
			defaultConfigurationIsVisible = 0;
			defaultConfigurationName = Release;
		};
		34D086271C4CD2E800754D7F /* Build configuration list for PBXNativeTarget "SJAudioStreamTests" */ = {
			isa = XCConfigurationList;
			buildConfigurations = (
				34D086281C4CD2E800754D7F /* Debug */,
				34D086291C4CD2E800754D7F /* Release */,
			);
			defaultConfigurationIsVisible = 0;
			defaultConfigurationName = Release;
		};
		34D0862A1C4CD2E800754D7F /* Build configuration list for PBXNativeTarget "SJAudioStreamUITests" */ = {
			isa = XCConfigurationList;
			buildConfigurations = (
				34D0862B1C4CD2E800754D7F /* Debug */,
				34D0862C1C4CD2E800754D7F /* Release */,
			);
			defaultConfigurationIsVisible = 0;
			defaultConfigurationName = Release;
		};
/* End XCConfigurationList section */
	};
	rootObject = 34D085EF1C4CD2E700754D7F /* Project object */;
}
